
Microsoft Visual Studio Solution File, Format Version 12.00
# Visual Studio Version 16
VisualStudioVersion = 16.0.809.0
MinimumVisualStudioVersion = 10.0.40219.1
Project("{2150E333-8FDC-42A3-9474-1A3956D46DE8}") = "Forms", "Forms", "{FE680453-57F3-46CF-B832-D25FC88A651D}"
EndProject
Project("{FAE04EC0-301F-11D3-BF4B-00C04F79EFBC}") = "BarcodeCaptureRejectSample", "forms\BarcodeCaptureRejectSample\BarcodeCaptureRejectSample\BarcodeCaptureRejectSample.csproj", "{B7689EC6-9B46-4294-B8DE-4C84C3FB5BE8}"
EndProject
Project("{2150E333-8FDC-42A3-9474-1A3956D46DE8}") = "BarcodeCaptureRejectSample", "BarcodeCaptureRejectSample", "{140B36E6-CB03-4A24-8B96-FB592E1BC130}"
EndProject
Project("{FAE04EC0-301F-11D3-BF4B-00C04F79EFBC}") = "BarcodeCaptureRejectSample.Android", "forms\BarcodeCaptureRejectSample\BarcodeCaptureRejectSample.Android\BarcodeCaptureRejectSample.Android.csproj", "{002F0E57-5CD4-4BC2-8F8E-753CD815CE97}"
EndProject
Project("{FAE04EC0-301F-11D3-BF4B-00C04F79EFBC}") = "BarcodeCaptureRejectSample.iOS", "forms\BarcodeCaptureRejectSample\BarcodeCaptureRejectSample.iOS\BarcodeCaptureRejectSample.iOS.csproj", "{96C33726-CC5B-4935-AD77-C8A9F767BC37}"
EndProject
Project("{2150E333-8FDC-42A3-9474-1A3956D46DE8}") = "BarcodeCaptureSimpleSample", "BarcodeCaptureSimpleSample", "{721C9169-ADE3-49AE-82B8-F7752B43BC70}"
EndProject
Project("{FAE04EC0-301F-11D3-BF4B-00C04F79EFBC}") = "BarcodeCaptureSimpleSample", "forms\BarcodeCaptureSimpleSample\BarcodeCaptureSimpleSample\BarcodeCaptureSimpleSample.csproj", "{1801977E-6143-456C-A49A-9F3E48AA9C0F}"
EndProject
Project("{FAE04EC0-301F-11D3-BF4B-00C04F79EFBC}") = "BarcodeCaptureSimpleSample.Android", "forms\BarcodeCaptureSimpleSample\BarcodeCaptureSimpleSample.Android\BarcodeCaptureSimpleSample.Android.csproj", "{6C1B957E-6C6B-4B70-B0FB-170511B29901}"
EndProject
Project("{FAE04EC0-301F-11D3-BF4B-00C04F79EFBC}") = "BarcodeCaptureSimpleSample.iOS", "forms\BarcodeCaptureSimpleSample\BarcodeCaptureSimpleSample.iOS\BarcodeCaptureSimpleSample.iOS.csproj", "{4D337E98-4139-4DD6-BF8C-D1C3F68C41D1}"
EndProject
Project("{2150E333-8FDC-42A3-9474-1A3956D46DE8}") = "BarcodeCaptureSettingsSample", "BarcodeCaptureSettingsSample", "{2330C06E-732D-4B7B-830F-4418809FF33C}"
EndProject
Project("{FAE04EC0-301F-11D3-BF4B-00C04F79EFBC}") = "BarcodeCaptureSettingsSample.iOS", "forms\BarcodeCaptureSettingsSample\BarcodeCaptureSettingsSample.iOS\BarcodeCaptureSettingsSample.iOS.csproj", "{0E1AC754-7600-4929-A7AC-245E504885DF}"
EndProject
Project("{FAE04EC0-301F-11D3-BF4B-00C04F79EFBC}") = "BarcodeCaptureSettingsSample.Android", "forms\BarcodeCaptureSettingsSample\BarcodeCaptureSettingsSample.Android\BarcodeCaptureSettingsSample.Android.csproj", "{0C1D1B76-1131-48B5-8B15-67465DE50C4F}"
EndProject
Project("{FAE04EC0-301F-11D3-BF4B-00C04F79EFBC}") = "BarcodeCaptureSettingsSample", "forms\BarcodeCaptureSettingsSample\BarcodeCaptureSettingsSample\BarcodeCaptureSettingsSample.csproj", "{A81F26E0-59E2-4171-B6FF-7C0D3C42099B}"
EndProject
Project("{2150E333-8FDC-42A3-9474-1A3956D46DE8}") = "MatrixScanBubblesSample", "MatrixScanBubblesSample", "{23DFD14C-9061-4605-899A-4148929E0D3E}"
EndProject
Project("{FAE04EC0-301F-11D3-BF4B-00C04F79EFBC}") = "MatrixScanBubblesSample", "forms\MatrixScanBubblesSample\MatrixScanBubblesSample\MatrixScanBubblesSample.csproj", "{6BF5E7AB-1306-4587-AA9D-D34F75F585A4}"
EndProject
Project("{FAE04EC0-301F-11D3-BF4B-00C04F79EFBC}") = "MatrixScanBubblesSample.Android", "forms\MatrixScanBubblesSample\MatrixScanBubblesSample.Android\MatrixScanBubblesSample.Android.csproj", "{255C91DD-9586-4DCF-86E4-CDD2AAAC77AA}"
EndProject
Project("{FAE04EC0-301F-11D3-BF4B-00C04F79EFBC}") = "MatrixScanBubblesSample.iOS", "forms\MatrixScanBubblesSample\MatrixScanBubblesSample.iOS\MatrixScanBubblesSample.iOS.csproj", "{F819A61B-E844-4B63-B6D5-C03B74E4C68D}"
EndProject
Project("{2150E333-8FDC-42A3-9474-1A3956D46DE8}") = "MatrixScanSimpleSample", "MatrixScanSimpleSample", "{906F4867-F321-49F5-96C0-F5EDF64A6DB9}"
EndProject
Project("{FAE04EC0-301F-11D3-BF4B-00C04F79EFBC}") = "MatrixScanSimpleSample", "forms\MatrixScanSimpleSample\MatrixScanSimpleSample\MatrixScanSimpleSample.csproj", "{79EA19BA-E766-43C9-960D-7757F96EDC41}"
EndProject
Project("{FAE04EC0-301F-11D3-BF4B-00C04F79EFBC}") = "MatrixScanSimpleSample.Android", "forms\MatrixScanSimpleSample\MatrixScanSimpleSample.Android\MatrixScanSimpleSample.Android.csproj", "{0865D3A3-6C44-4A76-844D-D5862AB58314}"
EndProject
Project("{FAE04EC0-301F-11D3-BF4B-00C04F79EFBC}") = "MatrixScanSimpleSample.iOS", "forms\MatrixScanSimpleSample\MatrixScanSimpleSample.iOS\MatrixScanSimpleSample.iOS.csproj", "{36B73C65-4E52-438A-84E1-59B5B6205175}"
EndProject
Global
	GlobalSection(SolutionConfigurationPlatforms) = preSolution
		Debug|Any CPU = Debug|Any CPU
		Release|Any CPU = Release|Any CPU
		Debug|iPhoneSimulator = Debug|iPhoneSimulator
		Release|iPhoneSimulator = Release|iPhoneSimulator
		Debug|iPhone = Debug|iPhone
		Release|iPhone = Release|iPhone
	EndGlobalSection
	GlobalSection(ProjectConfigurationPlatforms) = postSolution
		{B7689EC6-9B46-4294-B8DE-4C84C3FB5BE8}.Debug|Any CPU.ActiveCfg = Debug|Any CPU
		{B7689EC6-9B46-4294-B8DE-4C84C3FB5BE8}.Debug|Any CPU.Build.0 = Debug|Any CPU
		{B7689EC6-9B46-4294-B8DE-4C84C3FB5BE8}.Release|Any CPU.ActiveCfg = Release|Any CPU
		{B7689EC6-9B46-4294-B8DE-4C84C3FB5BE8}.Release|Any CPU.Build.0 = Release|Any CPU
		{B7689EC6-9B46-4294-B8DE-4C84C3FB5BE8}.Debug|iPhoneSimulator.ActiveCfg = Debug|Any CPU
		{B7689EC6-9B46-4294-B8DE-4C84C3FB5BE8}.Debug|iPhoneSimulator.Build.0 = Debug|Any CPU
		{B7689EC6-9B46-4294-B8DE-4C84C3FB5BE8}.Release|iPhoneSimulator.ActiveCfg = Release|Any CPU
		{B7689EC6-9B46-4294-B8DE-4C84C3FB5BE8}.Release|iPhoneSimulator.Build.0 = Release|Any CPU
		{B7689EC6-9B46-4294-B8DE-4C84C3FB5BE8}.Debug|iPhone.ActiveCfg = Debug|Any CPU
		{B7689EC6-9B46-4294-B8DE-4C84C3FB5BE8}.Debug|iPhone.Build.0 = Debug|Any CPU
		{B7689EC6-9B46-4294-B8DE-4C84C3FB5BE8}.Release|iPhone.ActiveCfg = Release|Any CPU
		{B7689EC6-9B46-4294-B8DE-4C84C3FB5BE8}.Release|iPhone.Build.0 = Release|Any CPU
		{002F0E57-5CD4-4BC2-8F8E-753CD815CE97}.Debug|Any CPU.ActiveCfg = Debug|Any CPU
		{002F0E57-5CD4-4BC2-8F8E-753CD815CE97}.Debug|Any CPU.Build.0 = Debug|Any CPU
		{002F0E57-5CD4-4BC2-8F8E-753CD815CE97}.Release|Any CPU.ActiveCfg = Release|Any CPU
		{002F0E57-5CD4-4BC2-8F8E-753CD815CE97}.Release|Any CPU.Build.0 = Release|Any CPU
		{002F0E57-5CD4-4BC2-8F8E-753CD815CE97}.Debug|iPhoneSimulator.ActiveCfg = Debug|Any CPU
		{002F0E57-5CD4-4BC2-8F8E-753CD815CE97}.Debug|iPhoneSimulator.Build.0 = Debug|Any CPU
		{002F0E57-5CD4-4BC2-8F8E-753CD815CE97}.Release|iPhoneSimulator.ActiveCfg = Release|Any CPU
		{002F0E57-5CD4-4BC2-8F8E-753CD815CE97}.Release|iPhoneSimulator.Build.0 = Release|Any CPU
		{002F0E57-5CD4-4BC2-8F8E-753CD815CE97}.Debug|iPhone.ActiveCfg = Debug|Any CPU
		{002F0E57-5CD4-4BC2-8F8E-753CD815CE97}.Debug|iPhone.Build.0 = Debug|Any CPU
		{002F0E57-5CD4-4BC2-8F8E-753CD815CE97}.Release|iPhone.ActiveCfg = Release|Any CPU
		{002F0E57-5CD4-4BC2-8F8E-753CD815CE97}.Release|iPhone.Build.0 = Release|Any CPU
		{96C33726-CC5B-4935-AD77-C8A9F767BC37}.Debug|Any CPU.ActiveCfg = Debug|iPhoneSimulator
		{96C33726-CC5B-4935-AD77-C8A9F767BC37}.Debug|Any CPU.Build.0 = Debug|iPhoneSimulator
		{96C33726-CC5B-4935-AD77-C8A9F767BC37}.Release|Any CPU.ActiveCfg = Release|iPhoneSimulator
		{96C33726-CC5B-4935-AD77-C8A9F767BC37}.Release|Any CPU.Build.0 = Release|iPhoneSimulator
		{96C33726-CC5B-4935-AD77-C8A9F767BC37}.Debug|iPhoneSimulator.ActiveCfg = Debug|iPhoneSimulator
		{96C33726-CC5B-4935-AD77-C8A9F767BC37}.Debug|iPhoneSimulator.Build.0 = Debug|iPhoneSimulator
		{96C33726-CC5B-4935-AD77-C8A9F767BC37}.Release|iPhoneSimulator.ActiveCfg = Release|iPhoneSimulator
		{96C33726-CC5B-4935-AD77-C8A9F767BC37}.Release|iPhoneSimulator.Build.0 = Release|iPhoneSimulator
		{96C33726-CC5B-4935-AD77-C8A9F767BC37}.Debug|iPhone.ActiveCfg = Debug|iPhone
		{96C33726-CC5B-4935-AD77-C8A9F767BC37}.Debug|iPhone.Build.0 = Debug|iPhone
		{96C33726-CC5B-4935-AD77-C8A9F767BC37}.Release|iPhone.ActiveCfg = Release|iPhone
		{96C33726-CC5B-4935-AD77-C8A9F767BC37}.Release|iPhone.Build.0 = Release|iPhone
		{1801977E-6143-456C-A49A-9F3E48AA9C0F}.Debug|Any CPU.ActiveCfg = Debug|Any CPU
		{1801977E-6143-456C-A49A-9F3E48AA9C0F}.Debug|Any CPU.Build.0 = Debug|Any CPU
		{1801977E-6143-456C-A49A-9F3E48AA9C0F}.Release|Any CPU.ActiveCfg = Release|Any CPU
		{1801977E-6143-456C-A49A-9F3E48AA9C0F}.Release|Any CPU.Build.0 = Release|Any CPU
		{1801977E-6143-456C-A49A-9F3E48AA9C0F}.Debug|iPhoneSimulator.ActiveCfg = Debug|Any CPU
		{1801977E-6143-456C-A49A-9F3E48AA9C0F}.Debug|iPhoneSimulator.Build.0 = Debug|Any CPU
		{1801977E-6143-456C-A49A-9F3E48AA9C0F}.Release|iPhoneSimulator.ActiveCfg = Release|Any CPU
		{1801977E-6143-456C-A49A-9F3E48AA9C0F}.Release|iPhoneSimulator.Build.0 = Release|Any CPU
		{1801977E-6143-456C-A49A-9F3E48AA9C0F}.Debug|iPhone.ActiveCfg = Debug|Any CPU
		{1801977E-6143-456C-A49A-9F3E48AA9C0F}.Debug|iPhone.Build.0 = Debug|Any CPU
		{1801977E-6143-456C-A49A-9F3E48AA9C0F}.Release|iPhone.ActiveCfg = Release|Any CPU
		{1801977E-6143-456C-A49A-9F3E48AA9C0F}.Release|iPhone.Build.0 = Release|Any CPU
		{6C1B957E-6C6B-4B70-B0FB-170511B29901}.Debug|Any CPU.ActiveCfg = Debug|Any CPU
		{6C1B957E-6C6B-4B70-B0FB-170511B29901}.Debug|Any CPU.Build.0 = Debug|Any CPU
		{6C1B957E-6C6B-4B70-B0FB-170511B29901}.Release|Any CPU.ActiveCfg = Release|Any CPU
		{6C1B957E-6C6B-4B70-B0FB-170511B29901}.Release|Any CPU.Build.0 = Release|Any CPU
		{6C1B957E-6C6B-4B70-B0FB-170511B29901}.Debug|iPhoneSimulator.ActiveCfg = Debug|Any CPU
		{6C1B957E-6C6B-4B70-B0FB-170511B29901}.Debug|iPhoneSimulator.Build.0 = Debug|Any CPU
		{6C1B957E-6C6B-4B70-B0FB-170511B29901}.Release|iPhoneSimulator.ActiveCfg = Release|Any CPU
		{6C1B957E-6C6B-4B70-B0FB-170511B29901}.Release|iPhoneSimulator.Build.0 = Release|Any CPU
		{6C1B957E-6C6B-4B70-B0FB-170511B29901}.Debug|iPhone.ActiveCfg = Debug|Any CPU
		{6C1B957E-6C6B-4B70-B0FB-170511B29901}.Debug|iPhone.Build.0 = Debug|Any CPU
		{6C1B957E-6C6B-4B70-B0FB-170511B29901}.Release|iPhone.ActiveCfg = Release|Any CPU
		{6C1B957E-6C6B-4B70-B0FB-170511B29901}.Release|iPhone.Build.0 = Release|Any CPU
		{4D337E98-4139-4DD6-BF8C-D1C3F68C41D1}.Debug|Any CPU.ActiveCfg = Debug|iPhoneSimulator
		{4D337E98-4139-4DD6-BF8C-D1C3F68C41D1}.Debug|Any CPU.Build.0 = Debug|iPhoneSimulator
		{4D337E98-4139-4DD6-BF8C-D1C3F68C41D1}.Release|Any CPU.ActiveCfg = Release|iPhoneSimulator
		{4D337E98-4139-4DD6-BF8C-D1C3F68C41D1}.Release|Any CPU.Build.0 = Release|iPhoneSimulator
		{4D337E98-4139-4DD6-BF8C-D1C3F68C41D1}.Debug|iPhoneSimulator.ActiveCfg = Debug|iPhoneSimulator
		{4D337E98-4139-4DD6-BF8C-D1C3F68C41D1}.Debug|iPhoneSimulator.Build.0 = Debug|iPhoneSimulator
		{4D337E98-4139-4DD6-BF8C-D1C3F68C41D1}.Release|iPhoneSimulator.ActiveCfg = Release|iPhoneSimulator
		{4D337E98-4139-4DD6-BF8C-D1C3F68C41D1}.Release|iPhoneSimulator.Build.0 = Release|iPhoneSimulator
		{4D337E98-4139-4DD6-BF8C-D1C3F68C41D1}.Debug|iPhone.ActiveCfg = Debug|iPhone
		{4D337E98-4139-4DD6-BF8C-D1C3F68C41D1}.Debug|iPhone.Build.0 = Debug|iPhone
		{4D337E98-4139-4DD6-BF8C-D1C3F68C41D1}.Release|iPhone.ActiveCfg = Release|iPhone
		{4D337E98-4139-4DD6-BF8C-D1C3F68C41D1}.Release|iPhone.Build.0 = Release|iPhone
		{0E1AC754-7600-4929-A7AC-245E504885DF}.Debug|Any CPU.ActiveCfg = Debug|iPhoneSimulator
		{0E1AC754-7600-4929-A7AC-245E504885DF}.Debug|Any CPU.Build.0 = Debug|iPhoneSimulator
		{0E1AC754-7600-4929-A7AC-245E504885DF}.Release|Any CPU.ActiveCfg = Release|iPhoneSimulator
		{0E1AC754-7600-4929-A7AC-245E504885DF}.Release|Any CPU.Build.0 = Release|iPhoneSimulator
		{0E1AC754-7600-4929-A7AC-245E504885DF}.Debug|iPhoneSimulator.ActiveCfg = Debug|iPhoneSimulator
		{0E1AC754-7600-4929-A7AC-245E504885DF}.Debug|iPhoneSimulator.Build.0 = Debug|iPhoneSimulator
		{0E1AC754-7600-4929-A7AC-245E504885DF}.Release|iPhoneSimulator.ActiveCfg = Release|iPhoneSimulator
		{0E1AC754-7600-4929-A7AC-245E504885DF}.Release|iPhoneSimulator.Build.0 = Release|iPhoneSimulator
		{0E1AC754-7600-4929-A7AC-245E504885DF}.Debug|iPhone.ActiveCfg = Debug|iPhone
		{0E1AC754-7600-4929-A7AC-245E504885DF}.Debug|iPhone.Build.0 = Debug|iPhone
		{0E1AC754-7600-4929-A7AC-245E504885DF}.Release|iPhone.ActiveCfg = Release|iPhone
		{0E1AC754-7600-4929-A7AC-245E504885DF}.Release|iPhone.Build.0 = Release|iPhone
		{0C1D1B76-1131-48B5-8B15-67465DE50C4F}.Debug|Any CPU.ActiveCfg = Debug|Any CPU
		{0C1D1B76-1131-48B5-8B15-67465DE50C4F}.Debug|Any CPU.Build.0 = Debug|Any CPU
		{0C1D1B76-1131-48B5-8B15-67465DE50C4F}.Release|Any CPU.ActiveCfg = Release|Any CPU
		{0C1D1B76-1131-48B5-8B15-67465DE50C4F}.Release|Any CPU.Build.0 = Release|Any CPU
		{0C1D1B76-1131-48B5-8B15-67465DE50C4F}.Debug|iPhoneSimulator.ActiveCfg = Debug|Any CPU
		{0C1D1B76-1131-48B5-8B15-67465DE50C4F}.Debug|iPhoneSimulator.Build.0 = Debug|Any CPU
		{0C1D1B76-1131-48B5-8B15-67465DE50C4F}.Release|iPhoneSimulator.ActiveCfg = Release|Any CPU
		{0C1D1B76-1131-48B5-8B15-67465DE50C4F}.Release|iPhoneSimulator.Build.0 = Release|Any CPU
		{0C1D1B76-1131-48B5-8B15-67465DE50C4F}.Debug|iPhone.ActiveCfg = Debug|Any CPU
		{0C1D1B76-1131-48B5-8B15-67465DE50C4F}.Debug|iPhone.Build.0 = Debug|Any CPU
		{0C1D1B76-1131-48B5-8B15-67465DE50C4F}.Release|iPhone.ActiveCfg = Release|Any CPU
		{0C1D1B76-1131-48B5-8B15-67465DE50C4F}.Release|iPhone.Build.0 = Release|Any CPU
		{A81F26E0-59E2-4171-B6FF-7C0D3C42099B}.Debug|Any CPU.ActiveCfg = Debug|Any CPU
		{A81F26E0-59E2-4171-B6FF-7C0D3C42099B}.Debug|Any CPU.Build.0 = Debug|Any CPU
		{A81F26E0-59E2-4171-B6FF-7C0D3C42099B}.Release|Any CPU.ActiveCfg = Release|Any CPU
		{A81F26E0-59E2-4171-B6FF-7C0D3C42099B}.Release|Any CPU.Build.0 = Release|Any CPU
		{A81F26E0-59E2-4171-B6FF-7C0D3C42099B}.Debug|iPhoneSimulator.ActiveCfg = Debug|Any CPU
		{A81F26E0-59E2-4171-B6FF-7C0D3C42099B}.Debug|iPhoneSimulator.Build.0 = Debug|Any CPU
		{A81F26E0-59E2-4171-B6FF-7C0D3C42099B}.Release|iPhoneSimulator.ActiveCfg = Release|Any CPU
		{A81F26E0-59E2-4171-B6FF-7C0D3C42099B}.Release|iPhoneSimulator.Build.0 = Release|Any CPU
		{A81F26E0-59E2-4171-B6FF-7C0D3C42099B}.Debug|iPhone.ActiveCfg = Debug|Any CPU
		{A81F26E0-59E2-4171-B6FF-7C0D3C42099B}.Debug|iPhone.Build.0 = Debug|Any CPU
		{A81F26E0-59E2-4171-B6FF-7C0D3C42099B}.Release|iPhone.ActiveCfg = Release|Any CPU
		{A81F26E0-59E2-4171-B6FF-7C0D3C42099B}.Release|iPhone.Build.0 = Release|Any CPU
		{6BF5E7AB-1306-4587-AA9D-D34F75F585A4}.Debug|Any CPU.ActiveCfg = Debug|Any CPU
		{6BF5E7AB-1306-4587-AA9D-D34F75F585A4}.Debug|Any CPU.Build.0 = Debug|Any CPU
		{6BF5E7AB-1306-4587-AA9D-D34F75F585A4}.Release|Any CPU.ActiveCfg = Release|Any CPU
		{6BF5E7AB-1306-4587-AA9D-D34F75F585A4}.Release|Any CPU.Build.0 = Release|Any CPU
		{6BF5E7AB-1306-4587-AA9D-D34F75F585A4}.Debug|iPhoneSimulator.ActiveCfg = Debug|Any CPU
		{6BF5E7AB-1306-4587-AA9D-D34F75F585A4}.Debug|iPhoneSimulator.Build.0 = Debug|Any CPU
		{6BF5E7AB-1306-4587-AA9D-D34F75F585A4}.Release|iPhoneSimulator.ActiveCfg = Release|Any CPU
		{6BF5E7AB-1306-4587-AA9D-D34F75F585A4}.Release|iPhoneSimulator.Build.0 = Release|Any CPU
		{6BF5E7AB-1306-4587-AA9D-D34F75F585A4}.Debug|iPhone.ActiveCfg = Debug|Any CPU
		{6BF5E7AB-1306-4587-AA9D-D34F75F585A4}.Debug|iPhone.Build.0 = Debug|Any CPU
		{6BF5E7AB-1306-4587-AA9D-D34F75F585A4}.Release|iPhone.ActiveCfg = Release|Any CPU
		{6BF5E7AB-1306-4587-AA9D-D34F75F585A4}.Release|iPhone.Build.0 = Release|Any CPU
		{255C91DD-9586-4DCF-86E4-CDD2AAAC77AA}.Debug|Any CPU.ActiveCfg = Debug|Any CPU
		{255C91DD-9586-4DCF-86E4-CDD2AAAC77AA}.Debug|Any CPU.Build.0 = Debug|Any CPU
		{255C91DD-9586-4DCF-86E4-CDD2AAAC77AA}.Release|Any CPU.ActiveCfg = Release|Any CPU
		{255C91DD-9586-4DCF-86E4-CDD2AAAC77AA}.Release|Any CPU.Build.0 = Release|Any CPU
		{255C91DD-9586-4DCF-86E4-CDD2AAAC77AA}.Debug|iPhoneSimulator.ActiveCfg = Debug|Any CPU
		{255C91DD-9586-4DCF-86E4-CDD2AAAC77AA}.Debug|iPhoneSimulator.Build.0 = Debug|Any CPU
		{255C91DD-9586-4DCF-86E4-CDD2AAAC77AA}.Release|iPhoneSimulator.ActiveCfg = Release|Any CPU
		{255C91DD-9586-4DCF-86E4-CDD2AAAC77AA}.Release|iPhoneSimulator.Build.0 = Release|Any CPU
		{255C91DD-9586-4DCF-86E4-CDD2AAAC77AA}.Debug|iPhone.ActiveCfg = Debug|Any CPU
		{255C91DD-9586-4DCF-86E4-CDD2AAAC77AA}.Debug|iPhone.Build.0 = Debug|Any CPU
		{255C91DD-9586-4DCF-86E4-CDD2AAAC77AA}.Release|iPhone.ActiveCfg = Release|Any CPU
		{255C91DD-9586-4DCF-86E4-CDD2AAAC77AA}.Release|iPhone.Build.0 = Release|Any CPU
		{F819A61B-E844-4B63-B6D5-C03B74E4C68D}.Debug|Any CPU.ActiveCfg = Debug|iPhoneSimulator
		{F819A61B-E844-4B63-B6D5-C03B74E4C68D}.Debug|Any CPU.Build.0 = Debug|iPhoneSimulator
		{F819A61B-E844-4B63-B6D5-C03B74E4C68D}.Release|Any CPU.ActiveCfg = Release|iPhoneSimulator
		{F819A61B-E844-4B63-B6D5-C03B74E4C68D}.Release|Any CPU.Build.0 = Release|iPhoneSimulator
		{F819A61B-E844-4B63-B6D5-C03B74E4C68D}.Debug|iPhoneSimulator.ActiveCfg = Debug|iPhoneSimulator
		{F819A61B-E844-4B63-B6D5-C03B74E4C68D}.Debug|iPhoneSimulator.Build.0 = Debug|iPhoneSimulator
		{F819A61B-E844-4B63-B6D5-C03B74E4C68D}.Release|iPhoneSimulator.ActiveCfg = Release|iPhoneSimulator
		{F819A61B-E844-4B63-B6D5-C03B74E4C68D}.Release|iPhoneSimulator.Build.0 = Release|iPhoneSimulator
		{F819A61B-E844-4B63-B6D5-C03B74E4C68D}.Debug|iPhone.ActiveCfg = Debug|iPhone
		{F819A61B-E844-4B63-B6D5-C03B74E4C68D}.Debug|iPhone.Build.0 = Debug|iPhone
		{F819A61B-E844-4B63-B6D5-C03B74E4C68D}.Release|iPhone.ActiveCfg = Release|iPhone
		{F819A61B-E844-4B63-B6D5-C03B74E4C68D}.Release|iPhone.Build.0 = Release|iPhone
		{79EA19BA-E766-43C9-960D-7757F96EDC41}.Debug|Any CPU.ActiveCfg = Debug|Any CPU
		{79EA19BA-E766-43C9-960D-7757F96EDC41}.Debug|Any CPU.Build.0 = Debug|Any CPU
		{79EA19BA-E766-43C9-960D-7757F96EDC41}.Release|Any CPU.ActiveCfg = Release|Any CPU
		{79EA19BA-E766-43C9-960D-7757F96EDC41}.Release|Any CPU.Build.0 = Release|Any CPU
		{79EA19BA-E766-43C9-960D-7757F96EDC41}.Debug|iPhoneSimulator.ActiveCfg = Debug|Any CPU
		{79EA19BA-E766-43C9-960D-7757F96EDC41}.Debug|iPhoneSimulator.Build.0 = Debug|Any CPU
		{79EA19BA-E766-43C9-960D-7757F96EDC41}.Release|iPhoneSimulator.ActiveCfg = Release|Any CPU
		{79EA19BA-E766-43C9-960D-7757F96EDC41}.Release|iPhoneSimulator.Build.0 = Release|Any CPU
		{79EA19BA-E766-43C9-960D-7757F96EDC41}.Debug|iPhone.ActiveCfg = Debug|Any CPU
		{79EA19BA-E766-43C9-960D-7757F96EDC41}.Debug|iPhone.Build.0 = Debug|Any CPU
		{79EA19BA-E766-43C9-960D-7757F96EDC41}.Release|iPhone.ActiveCfg = Release|Any CPU
		{79EA19BA-E766-43C9-960D-7757F96EDC41}.Release|iPhone.Build.0 = Release|Any CPU
		{0865D3A3-6C44-4A76-844D-D5862AB58314}.Debug|Any CPU.ActiveCfg = Debug|Any CPU
		{0865D3A3-6C44-4A76-844D-D5862AB58314}.Debug|Any CPU.Build.0 = Debug|Any CPU
		{0865D3A3-6C44-4A76-844D-D5862AB58314}.Release|Any CPU.ActiveCfg = Release|Any CPU
		{0865D3A3-6C44-4A76-844D-D5862AB58314}.Release|Any CPU.Build.0 = Release|Any CPU
		{0865D3A3-6C44-4A76-844D-D5862AB58314}.Debug|iPhoneSimulator.ActiveCfg = Debug|Any CPU
		{0865D3A3-6C44-4A76-844D-D5862AB58314}.Debug|iPhoneSimulator.Build.0 = Debug|Any CPU
		{0865D3A3-6C44-4A76-844D-D5862AB58314}.Release|iPhoneSimulator.ActiveCfg = Release|Any CPU
		{0865D3A3-6C44-4A76-844D-D5862AB58314}.Release|iPhoneSimulator.Build.0 = Release|Any CPU
		{0865D3A3-6C44-4A76-844D-D5862AB58314}.Debug|iPhone.ActiveCfg = Debug|Any CPU
		{0865D3A3-6C44-4A76-844D-D5862AB58314}.Debug|iPhone.Build.0 = Debug|Any CPU
		{0865D3A3-6C44-4A76-844D-D5862AB58314}.Release|iPhone.ActiveCfg = Release|Any CPU
		{0865D3A3-6C44-4A76-844D-D5862AB58314}.Release|iPhone.Build.0 = Release|Any CPU
		{36B73C65-4E52-438A-84E1-59B5B6205175}.Debug|Any CPU.ActiveCfg = Debug|iPhoneSimulator
		{36B73C65-4E52-438A-84E1-59B5B6205175}.Debug|Any CPU.Build.0 = Debug|iPhoneSimulator
		{36B73C65-4E52-438A-84E1-59B5B6205175}.Release|Any CPU.ActiveCfg = Release|iPhoneSimulator
		{36B73C65-4E52-438A-84E1-59B5B6205175}.Release|Any CPU.Build.0 = Release|iPhoneSimulator
		{36B73C65-4E52-438A-84E1-59B5B6205175}.Debug|iPhoneSimulator.ActiveCfg = Debug|iPhoneSimulator
		{36B73C65-4E52-438A-84E1-59B5B6205175}.Debug|iPhoneSimulator.Build.0 = Debug|iPhoneSimulator
		{36B73C65-4E52-438A-84E1-59B5B6205175}.Release|iPhoneSimulator.ActiveCfg = Release|iPhoneSimulator
		{36B73C65-4E52-438A-84E1-59B5B6205175}.Release|iPhoneSimulator.Build.0 = Release|iPhoneSimulator
		{36B73C65-4E52-438A-84E1-59B5B6205175}.Debug|iPhone.ActiveCfg = Debug|iPhone
		{36B73C65-4E52-438A-84E1-59B5B6205175}.Debug|iPhone.Build.0 = Debug|iPhone
		{36B73C65-4E52-438A-84E1-59B5B6205175}.Release|iPhone.ActiveCfg = Release|iPhone
		{36B73C65-4E52-438A-84E1-59B5B6205175}.Release|iPhone.Build.0 = Release|iPhone
	EndGlobalSection
	GlobalSection(SolutionProperties) = preSolution
		HideSolutionNode = FALSE
	EndGlobalSection
	GlobalSection(ExtensibilityGlobals) = postSolution
		SolutionGuid = {1D16F8FB-F6EC-4C7B-B947-6CEB528AA8F9}
	EndGlobalSection
	GlobalSection(NestedProjects) = preSolution
		{B7689EC6-9B46-4294-B8DE-4C84C3FB5BE8} = {140B36E6-CB03-4A24-8B96-FB592E1BC130}
		{140B36E6-CB03-4A24-8B96-FB592E1BC130} = {FE680453-57F3-46CF-B832-D25FC88A651D}
		{002F0E57-5CD4-4BC2-8F8E-753CD815CE97} = {140B36E6-CB03-4A24-8B96-FB592E1BC130}
		{96C33726-CC5B-4935-AD77-C8A9F767BC37} = {140B36E6-CB03-4A24-8B96-FB592E1BC130}
		{721C9169-ADE3-49AE-82B8-F7752B43BC70} = {FE680453-57F3-46CF-B832-D25FC88A651D}
		{1801977E-6143-456C-A49A-9F3E48AA9C0F} = {721C9169-ADE3-49AE-82B8-F7752B43BC70}
		{6C1B957E-6C6B-4B70-B0FB-170511B29901} = {721C9169-ADE3-49AE-82B8-F7752B43BC70}
		{4D337E98-4139-4DD6-BF8C-D1C3F68C41D1} = {721C9169-ADE3-49AE-82B8-F7752B43BC70}
		{2330C06E-732D-4B7B-830F-4418809FF33C} = {FE680453-57F3-46CF-B832-D25FC88A651D}
		{0E1AC754-7600-4929-A7AC-245E504885DF} = {2330C06E-732D-4B7B-830F-4418809FF33C}
		{0C1D1B76-1131-48B5-8B15-67465DE50C4F} = {2330C06E-732D-4B7B-830F-4418809FF33C}
		{A81F26E0-59E2-4171-B6FF-7C0D3C42099B} = {2330C06E-732D-4B7B-830F-4418809FF33C}
		{23DFD14C-9061-4605-899A-4148929E0D3E} = {FE680453-57F3-46CF-B832-D25FC88A651D}
		{6BF5E7AB-1306-4587-AA9D-D34F75F585A4} = {23DFD14C-9061-4605-899A-4148929E0D3E}
		{255C91DD-9586-4DCF-86E4-CDD2AAAC77AA} = {23DFD14C-9061-4605-899A-4148929E0D3E}
		{F819A61B-E844-4B63-B6D5-C03B74E4C68D} = {23DFD14C-9061-4605-899A-4148929E0D3E}
		{906F4867-F321-49F5-96C0-F5EDF64A6DB9} = {FE680453-57F3-46CF-B832-D25FC88A651D}
		{79EA19BA-E766-43C9-960D-7757F96EDC41} = {906F4867-F321-49F5-96C0-F5EDF64A6DB9}
		{0865D3A3-6C44-4A76-844D-D5862AB58314} = {906F4867-F321-49F5-96C0-F5EDF64A6DB9}
		{36B73C65-4E52-438A-84E1-59B5B6205175} = {906F4867-F321-49F5-96C0-F5EDF64A6DB9}
	EndGlobalSection
EndGlobal
