
Microsoft Visual Studio Solution File, Format Version 12.00
# Visual Studio Version 16
VisualStudioVersion = 16.0.809.0
MinimumVisualStudioVersion = 10.0.40219.1




Project("{2150E333-8FDC-42A3-9474-1A3956D46DE8}") = "BarcodeCaptureSimpleSample", "BarcodeCaptureSimpleSample", "{721C9169-ADE3-49AE-82B8-F7752B43BC70}"
EndProject
Project("{9A19103F-16F7-4668-BE54-9A1E7A4F7556}") = "BarcodeCaptureSimpleSample", "01_Single_Scanning_Samples\02_Barcode_Scanning_with_Low_Level_API\BarcodeCaptureSimpleSample\BarcodeCaptureSimpleSample\BarcodeCaptureSimpleSample.csproj", "{1801977E-6143-456C-A49A-9F3E48AA9C0F}"
EndProject
Project("{FAE04EC0-301F-11D3-BF4B-00C04F79EFBC}") = "BarcodeCaptureSimpleSample.Android", "01_Single_Scanning_Samples\02_Barcode_Scanning_with_Low_Level_API\BarcodeCaptureSimpleSample\BarcodeCaptureSimpleSample.Android\BarcodeCaptureSimpleSample.Android.csproj", "{6C1B957E-6C6B-4B70-B0FB-170511B29901}"
EndProject
Project("{FAE04EC0-301F-11D3-BF4B-00C04F79EFBC}") = "BarcodeCaptureSimpleSample.iOS", "01_Single_Scanning_Samples\02_Barcode_Scanning_with_Low_Level_API\BarcodeCaptureSimpleSample\BarcodeCaptureSimpleSample.iOS\BarcodeCaptureSimpleSample.iOS.csproj", "{4D337E98-4139-4DD6-BF8C-D1C3F68C41D1}"
EndProject




Project("{2150E333-8FDC-42A3-9474-1A3956D46DE8}") = "MatrixScanBubblesSample", "MatrixScanBubblesSample", "{23DFD14C-9061-4605-899A-4148929E0D3E}"
EndProject
Project("{9A19103F-16F7-4668-BE54-9A1E7A4F7556}") = "MatrixScanBubblesSample", "03_Advanced_Batch_Scanning_Samples\01_Batch_Scanning_and_AR_Info_Lookup\MatrixScanBubblesSample\MatrixScanBubblesSample\MatrixScanBubblesSample.csproj", "{6BF5E7AB-1306-4587-AA9D-D34F75F585A4}"
EndProject
Project("{FAE04EC0-301F-11D3-BF4B-00C04F79EFBC}") = "MatrixScanBubblesSample.Android", "03_Advanced_Batch_Scanning_Samples\01_Batch_Scanning_and_AR_Info_Lookup\MatrixScanBubblesSample\MatrixScanBubblesSample.Android\MatrixScanBubblesSample.Android.csproj", "{255C91DD-9586-4DCF-86E4-CDD2AAAC77AA}"
EndProject
Project("{FAE04EC0-301F-11D3-BF4B-00C04F79EFBC}") = "MatrixScanBubblesSample.iOS", "03_Advanced_Batch_Scanning_Samples\01_Batch_Scanning_and_AR_Info_Lookup\MatrixScanBubblesSample\MatrixScanBubblesSample.iOS\MatrixScanBubblesSample.iOS.csproj", "{F819A61B-E844-4B63-B6D5-C03B74E4C68D}"
EndProject
Project("{2150E333-8FDC-42A3-9474-1A3956D46DE8}") = "MatrixScanSimpleSample", "MatrixScanSimpleSample", "{906F4867-F321-49F5-96C0-F5EDF64A6DB9}"
EndProject
Project("{9A19103F-16F7-4668-BE54-9A1E7A4F7556}") = "MatrixScanSimpleSample", "03_Advanced_Batch_Scanning_Samples\01_Batch_Scanning_and_AR_Info_Lookup\MatrixScanSimpleSample\MatrixScanSimpleSample\MatrixScanSimpleSample.csproj", "{79EA19BA-E766-43C9-960D-7757F96EDC41}"
EndProject
Project("{FAE04EC0-301F-11D3-BF4B-00C04F79EFBC}") = "MatrixScanSimpleSample.Android", "03_Advanced_Batch_Scanning_Samples\01_Batch_Scanning_and_AR_Info_Lookup\MatrixScanSimpleSample\MatrixScanSimpleSample.Android\MatrixScanSimpleSample.Android.csproj", "{0865D3A3-6C44-4A76-844D-D5862AB58314}"
EndProject
Project("{FAE04EC0-301F-11D3-BF4B-00C04F79EFBC}") = "MatrixScanSimpleSample.iOS", "03_Advanced_Batch_Scanning_Samples\01_Batch_Scanning_and_AR_Info_Lookup\MatrixScanSimpleSample\MatrixScanSimpleSample.iOS\MatrixScanSimpleSample.iOS.csproj", "{36B73C65-4E52-438A-84E1-59B5B6205175}"
EndProject
Project("{2150E333-8FDC-42A3-9474-1A3956D46DE8}") = "GS1ParserSample", "GS1ParserSample", "{3D1E1B33-657D-4DAE-8A42-479346DD0F80}"
EndProject
Project("{9A19103F-16F7-4668-BE54-9A1E7A4F7556}") = "GS1ParserSample", "04_Parser_Samples\GS1ParserSample\GS1ParserSample\GS1ParserSample.csproj", "{305CAB4D-E654-498D-92EC-FAEE032394A1}"
EndProject
Project("{FAE04EC0-301F-11D3-BF4B-00C04F79EFBC}") = "GS1ParserSample.Android", "04_Parser_Samples\GS1ParserSample\GS1ParserSample.Android\GS1ParserSample.Android.csproj", "{5FE175BD-F4F3-470D-8143-B8E94543E247}"
EndProject
Project("{FAE04EC0-301F-11D3-BF4B-00C04F79EFBC}") = "GS1ParserSample.iOS", "04_Parser_Samples\GS1ParserSample\GS1ParserSample.iOS\GS1ParserSample.iOS.csproj", "{7AC95E05-8496-427D-8798-D26271A1BDF6}"
EndProject
Project("{2150E333-8FDC-42A3-9474-1A3956D46DE8}") = "IdCaptureSimpleSample", "IdCaptureSimpleSample", "{11777E0D-2DF7-4EDC-BF37-A830EE290F8E}"
EndProject
Project("{9A19103F-16F7-4668-BE54-9A1E7A4F7556}") = "IdCaptureSimpleSample", "02_ID_Scanning_Samples\IdCaptureSimpleSample\IdCaptureSimpleSample\IdCaptureSimpleSample.csproj", "{DD8C1999-9A67-48C3-89D7-B5DAB2B03235}"
EndProject
Project("{FAE04EC0-301F-11D3-BF4B-00C04F79EFBC}") = "IdCaptureSimpleSample.Android", "02_ID_Scanning_Samples\IdCaptureSimpleSample\IdCaptureSimpleSample.Android\IdCaptureSimpleSample.Android.csproj", "{21D9D405-C7BB-43B6-B3FB-9CD7CF7DC139}"
EndProject
Project("{FAE04EC0-301F-11D3-BF4B-00C04F79EFBC}") = "IdCaptureSimpleSample.iOS", "02_ID_Scanning_Samples\IdCaptureSimpleSample\IdCaptureSimpleSample.iOS\IdCaptureSimpleSample.iOS.csproj", "{3932A541-6866-46C0-A1FD-22DF5A48A7E7}"
EndProject
Project("{2150E333-8FDC-42A3-9474-1A3956D46DE8}") = "BarcodeSelectionSimpleSample", "BarcodeSelectionSimpleSample", "{F62FFE59-313B-4CE2-88C9-7414ED9AE707}"
EndProject
Project("{9A19103F-16F7-4668-BE54-9A1E7A4F7556}") = "BarcodeSelectionSimpleSample", "01_Single_Scanning_Samples\02_Barcode_Scanning_with_Low_Level_API\BarcodeSelectionSimpleSample\BarcodeSelectionSimpleSample\BarcodeSelectionSimpleSample.csproj", "{023D093C-4442-419F-AC4F-28A6F2A2E8B5}"
EndProject
Project("{FAE04EC0-301F-11D3-BF4B-00C04F79EFBC}") = "BarcodeSelectionSimpleSample.Android", "01_Single_Scanning_Samples\02_Barcode_Scanning_with_Low_Level_API\BarcodeSelectionSimpleSample\BarcodeSelectionSimpleSample.Android\BarcodeSelectionSimpleSample.Android.csproj", "{630B3322-BB91-4959-9BC1-A233E04BE476}"
EndProject
Project("{FAE04EC0-301F-11D3-BF4B-00C04F79EFBC}") = "BarcodeSelectionSimpleSample.iOS", "01_Single_Scanning_Samples\02_Barcode_Scanning_with_Low_Level_API\BarcodeSelectionSimpleSample\BarcodeSelectionSimpleSample.iOS\BarcodeSelectionSimpleSample.iOS.csproj", "{4934990A-3590-4D3C-8997-BF3FE6626E90}"
EndProject
Project("{2150E333-8FDC-42A3-9474-1A3956D46DE8}") = "IdCaptureExtendedSample", "IdCaptureExtendedSample", "{0CB1D9A8-CE8A-486A-985E-3C37C22FECDB}"
EndProject
Project("{9A19103F-16F7-4668-BE54-9A1E7A4F7556}") = "IdCaptureExtendedSample", "02_ID_Scanning_Samples\IdCaptureExtendedSample\IdCaptureExtendedSample\IdCaptureExtendedSample.csproj", "{242B1C2E-159E-457D-BF68-6F9A64D1E427}"
EndProject
Project("{FAE04EC0-301F-11D3-BF4B-00C04F79EFBC}") = "IdCaptureExtendedSample.Android", "02_ID_Scanning_Samples\IdCaptureExtendedSample\IdCaptureExtendedSample.Android\IdCaptureExtendedSample.Android.csproj", "{66566D3D-6726-4756-AAA0-6B61CEAFDFFF}"
EndProject
Project("{FAE04EC0-301F-11D3-BF4B-00C04F79EFBC}") = "IdCaptureExtendedSample.iOS", "02_ID_Scanning_Samples\IdCaptureExtendedSample\IdCaptureExtendedSample.iOS\IdCaptureExtendedSample.iOS.csproj", "{9A2806D5-BC05-46A0-90A6-2DB06E1582FF}"
EndProject
Project("{2150E333-8FDC-42A3-9474-1A3956D46DE8}") = "USDLVerificationSample", "USDLVerificationSample", "{C1429A3F-4911-434C-83EE-25B6F2F2B8E0}"
EndProject
Project("{FAE04EC0-301F-11D3-BF4B-00C04F79EFBC}") = "USDLVerificationSample", "02_ID_Scanning_Samples\USDLVerificationSample\USDLVerificationSample\USDLVerificationSample.csproj", "{49004E54-57DA-40C1-8631-F8BF8D350E00}"
EndProject
Project("{FAE04EC0-301F-11D3-BF4B-00C04F79EFBC}") = "USDLVerificationSample.Android", "02_ID_Scanning_Samples\USDLVerificationSample\USDLVerificationSample.Android\USDLVerificationSample.Android.csproj", "{DF22912E-FD71-4F2B-BAFF-9D531AE2D19D}"
EndProject
Project("{FAE04EC0-301F-11D3-BF4B-00C04F79EFBC}") = "USDLVerificationSample.iOS", "02_ID_Scanning_Samples\USDLVerificationSample\USDLVerificationSample.iOS\USDLVerificationSample.iOS.csproj", "{D821C274-D966-4F86-87EB-2AEA85656290}"
EndProject
Project("{2150E333-8FDC-42A3-9474-1A3956D46DE8}") = "ListBuildingSample", "ListBuildingSample", "{9E7695AB-D280-4977-B88C-20E2AC7196BB}"
EndProject
Project("{FAE04EC0-301F-11D3-BF4B-00C04F79EFBC}") = "ListBuildingSample", "01_Single_Scanning_Samples\01_Barcode_Scanning_with_Pre_Built_UI\ListBuildingSample\ListBuildingSample\ListBuildingSample.csproj", "{0F1E2118-AD11-45D8-94DE-F2EBDE03C360}"
EndProject
Project("{FAE04EC0-301F-11D3-BF4B-00C04F79EFBC}") = "ListBuildingSample.Android", "01_Single_Scanning_Samples\01_Barcode_Scanning_with_Pre_Built_UI\ListBuildingSample\ListBuildingSample.Android\ListBuildingSample.Android.csproj", "{B7622715-28BD-4526-B5CD-E60A0C1E06DE}"
EndProject
Project("{FAE04EC0-301F-11D3-BF4B-00C04F79EFBC}") = "ListBuildingSample.iOS", "01_Single_Scanning_Samples\01_Barcode_Scanning_with_Pre_Built_UI\ListBuildingSample\ListBuildingSample.iOS\ListBuildingSample.iOS.csproj", "{450979A2-441C-421A-8CB5-B110AADD7D99}"
EndProject
Project("{2150E333-8FDC-42A3-9474-1A3956D46DE8}") = "MatrixScanCountSimpleSample", "MatrixScanCountSimpleSample", "{2D7DB7C1-B8F4-439D-A9BB-70C375F86133}"
EndProject
Project("{FAE04EC0-301F-11D3-BF4B-00C04F79EFBC}") = "MatrixScanCountSimpleSample", "03_Advanced_Batch_Scanning_Samples\02_Counting_and_Receiving\MatrixScanCountSimpleSample\MatrixScanCountSimpleSample\MatrixScanCountSimpleSample.csproj", "{F7614356-6E10-4A6D-B298-9C67995941C5}"
EndProject
Project("{FAE04EC0-301F-11D3-BF4B-00C04F79EFBC}") = "MatrixScanCountSimpleSample.Android", "03_Advanced_Batch_Scanning_Samples\02_Counting_and_Receiving\MatrixScanCountSimpleSample\MatrixScanCountSimpleSample.Android\MatrixScanCountSimpleSample.Android.csproj", "{0A73C9D9-3F93-4EDD-9075-564421D2A896}"
EndProject
Project("{FAE04EC0-301F-11D3-BF4B-00C04F79EFBC}") = "MatrixScanCountSimpleSample.iOS", "03_Advanced_Batch_Scanning_Samples\02_Counting_and_Receiving\MatrixScanCountSimpleSample\MatrixScanCountSimpleSample.iOS\MatrixScanCountSimpleSample.iOS.csproj", "{22F1C406-5C00-42A3-9D4C-2C4FE05B13B2}"
EndProject
Global
	GlobalSection(SolutionConfigurationPlatforms) = preSolution
		Debug|Any CPU = Debug|Any CPU
		Debug|iPhone = Debug|iPhone
		Debug|iPhoneSimulator = Debug|iPhoneSimulator
		Release|Any CPU = Release|Any CPU
		Release|iPhone = Release|iPhone
		Release|iPhoneSimulator = Release|iPhoneSimulator
	EndGlobalSection
	GlobalSection(ProjectConfigurationPlatforms) = postSolution
		
		
		
		
		
		
		
		
		
		
		
		
		
		
		
		
		
		
		
		
		
		
		
		
		
		
		
		
		
		
		
		
		
		
		
		
		{1801977E-6143-456C-A49A-9F3E48AA9C0F}.Debug|Any CPU.ActiveCfg = Debug|Any CPU
		{1801977E-6143-456C-A49A-9F3E48AA9C0F}.Debug|Any CPU.Build.0 = Debug|Any CPU
		{1801977E-6143-456C-A49A-9F3E48AA9C0F}.Debug|iPhone.ActiveCfg = Debug|Any CPU
		{1801977E-6143-456C-A49A-9F3E48AA9C0F}.Debug|iPhone.Build.0 = Debug|Any CPU
		{1801977E-6143-456C-A49A-9F3E48AA9C0F}.Debug|iPhoneSimulator.ActiveCfg = Debug|Any CPU
		{1801977E-6143-456C-A49A-9F3E48AA9C0F}.Debug|iPhoneSimulator.Build.0 = Debug|Any CPU
		{1801977E-6143-456C-A49A-9F3E48AA9C0F}.Release|Any CPU.ActiveCfg = Release|Any CPU
		{1801977E-6143-456C-A49A-9F3E48AA9C0F}.Release|Any CPU.Build.0 = Release|Any CPU
		{1801977E-6143-456C-A49A-9F3E48AA9C0F}.Release|iPhone.ActiveCfg = Release|Any CPU
		{1801977E-6143-456C-A49A-9F3E48AA9C0F}.Release|iPhone.Build.0 = Release|Any CPU
		{1801977E-6143-456C-A49A-9F3E48AA9C0F}.Release|iPhoneSimulator.ActiveCfg = Release|Any CPU
		{1801977E-6143-456C-A49A-9F3E48AA9C0F}.Release|iPhoneSimulator.Build.0 = Release|Any CPU
		{6C1B957E-6C6B-4B70-B0FB-170511B29901}.Debug|Any CPU.ActiveCfg = Debug|Any CPU
		{6C1B957E-6C6B-4B70-B0FB-170511B29901}.Debug|Any CPU.Build.0 = Debug|Any CPU
		{6C1B957E-6C6B-4B70-B0FB-170511B29901}.Debug|iPhone.ActiveCfg = Debug|Any CPU
		{6C1B957E-6C6B-4B70-B0FB-170511B29901}.Debug|iPhone.Build.0 = Debug|Any CPU
		{6C1B957E-6C6B-4B70-B0FB-170511B29901}.Debug|iPhoneSimulator.ActiveCfg = Debug|Any CPU
		{6C1B957E-6C6B-4B70-B0FB-170511B29901}.Debug|iPhoneSimulator.Build.0 = Debug|Any CPU
		{6C1B957E-6C6B-4B70-B0FB-170511B29901}.Release|Any CPU.ActiveCfg = Release|Any CPU
		{6C1B957E-6C6B-4B70-B0FB-170511B29901}.Release|Any CPU.Build.0 = Release|Any CPU
		{6C1B957E-6C6B-4B70-B0FB-170511B29901}.Release|iPhone.ActiveCfg = Release|Any CPU
		{6C1B957E-6C6B-4B70-B0FB-170511B29901}.Release|iPhone.Build.0 = Release|Any CPU
		{6C1B957E-6C6B-4B70-B0FB-170511B29901}.Release|iPhoneSimulator.ActiveCfg = Release|Any CPU
		{6C1B957E-6C6B-4B70-B0FB-170511B29901}.Release|iPhoneSimulator.Build.0 = Release|Any CPU
		{4D337E98-4139-4DD6-BF8C-D1C3F68C41D1}.Debug|Any CPU.ActiveCfg = Debug|iPhoneSimulator
		{4D337E98-4139-4DD6-BF8C-D1C3F68C41D1}.Debug|Any CPU.Build.0 = Debug|iPhoneSimulator
		{4D337E98-4139-4DD6-BF8C-D1C3F68C41D1}.Debug|iPhone.ActiveCfg = Debug|iPhone
		{4D337E98-4139-4DD6-BF8C-D1C3F68C41D1}.Debug|iPhone.Build.0 = Debug|iPhone
		{4D337E98-4139-4DD6-BF8C-D1C3F68C41D1}.Debug|iPhoneSimulator.ActiveCfg = Debug|iPhoneSimulator
		{4D337E98-4139-4DD6-BF8C-D1C3F68C41D1}.Debug|iPhoneSimulator.Build.0 = Debug|iPhoneSimulator
		{4D337E98-4139-4DD6-BF8C-D1C3F68C41D1}.Release|Any CPU.ActiveCfg = Release|iPhoneSimulator
		{4D337E98-4139-4DD6-BF8C-D1C3F68C41D1}.Release|Any CPU.Build.0 = Release|iPhoneSimulator
		{4D337E98-4139-4DD6-BF8C-D1C3F68C41D1}.Release|iPhone.ActiveCfg = Release|iPhone
		{4D337E98-4139-4DD6-BF8C-D1C3F68C41D1}.Release|iPhone.Build.0 = Release|iPhone
		{4D337E98-4139-4DD6-BF8C-D1C3F68C41D1}.Release|iPhoneSimulator.ActiveCfg = Release|iPhoneSimulator
		{4D337E98-4139-4DD6-BF8C-D1C3F68C41D1}.Release|iPhoneSimulator.Build.0 = Release|iPhoneSimulator
		
		
		
		
		
		
		
		
		
		
		
		
		
		
		
		
		
		
		
		
		
		
		
		
		
		
		
		
		
		
		
		
		
		
		
		
		{6BF5E7AB-1306-4587-AA9D-D34F75F585A4}.Debug|Any CPU.ActiveCfg = Debug|Any CPU
		{6BF5E7AB-1306-4587-AA9D-D34F75F585A4}.Debug|Any CPU.Build.0 = Debug|Any CPU
		{6BF5E7AB-1306-4587-AA9D-D34F75F585A4}.Debug|iPhone.ActiveCfg = Debug|Any CPU
		{6BF5E7AB-1306-4587-AA9D-D34F75F585A4}.Debug|iPhone.Build.0 = Debug|Any CPU
		{6BF5E7AB-1306-4587-AA9D-D34F75F585A4}.Debug|iPhoneSimulator.ActiveCfg = Debug|Any CPU
		{6BF5E7AB-1306-4587-AA9D-D34F75F585A4}.Debug|iPhoneSimulator.Build.0 = Debug|Any CPU
		{6BF5E7AB-1306-4587-AA9D-D34F75F585A4}.Release|Any CPU.ActiveCfg = Release|Any CPU
		{6BF5E7AB-1306-4587-AA9D-D34F75F585A4}.Release|Any CPU.Build.0 = Release|Any CPU
		{6BF5E7AB-1306-4587-AA9D-D34F75F585A4}.Release|iPhone.ActiveCfg = Release|Any CPU
		{6BF5E7AB-1306-4587-AA9D-D34F75F585A4}.Release|iPhone.Build.0 = Release|Any CPU
		{6BF5E7AB-1306-4587-AA9D-D34F75F585A4}.Release|iPhoneSimulator.ActiveCfg = Release|Any CPU
		{6BF5E7AB-1306-4587-AA9D-D34F75F585A4}.Release|iPhoneSimulator.Build.0 = Release|Any CPU
		{255C91DD-9586-4DCF-86E4-CDD2AAAC77AA}.Debug|Any CPU.ActiveCfg = Debug|Any CPU
		{255C91DD-9586-4DCF-86E4-CDD2AAAC77AA}.Debug|Any CPU.Build.0 = Debug|Any CPU
		{255C91DD-9586-4DCF-86E4-CDD2AAAC77AA}.Debug|iPhone.ActiveCfg = Debug|Any CPU
		{255C91DD-9586-4DCF-86E4-CDD2AAAC77AA}.Debug|iPhone.Build.0 = Debug|Any CPU
		{255C91DD-9586-4DCF-86E4-CDD2AAAC77AA}.Debug|iPhoneSimulator.ActiveCfg = Debug|Any CPU
		{255C91DD-9586-4DCF-86E4-CDD2AAAC77AA}.Debug|iPhoneSimulator.Build.0 = Debug|Any CPU
		{255C91DD-9586-4DCF-86E4-CDD2AAAC77AA}.Release|Any CPU.ActiveCfg = Release|Any CPU
		{255C91DD-9586-4DCF-86E4-CDD2AAAC77AA}.Release|Any CPU.Build.0 = Release|Any CPU
		{255C91DD-9586-4DCF-86E4-CDD2AAAC77AA}.Release|iPhone.ActiveCfg = Release|Any CPU
		{255C91DD-9586-4DCF-86E4-CDD2AAAC77AA}.Release|iPhone.Build.0 = Release|Any CPU
		{255C91DD-9586-4DCF-86E4-CDD2AAAC77AA}.Release|iPhoneSimulator.ActiveCfg = Release|Any CPU
		{255C91DD-9586-4DCF-86E4-CDD2AAAC77AA}.Release|iPhoneSimulator.Build.0 = Release|Any CPU
		{F819A61B-E844-4B63-B6D5-C03B74E4C68D}.Debug|Any CPU.ActiveCfg = Debug|iPhoneSimulator
		{F819A61B-E844-4B63-B6D5-C03B74E4C68D}.Debug|Any CPU.Build.0 = Debug|iPhoneSimulator
		{F819A61B-E844-4B63-B6D5-C03B74E4C68D}.Debug|iPhone.ActiveCfg = Debug|iPhone
		{F819A61B-E844-4B63-B6D5-C03B74E4C68D}.Debug|iPhone.Build.0 = Debug|iPhone
		{F819A61B-E844-4B63-B6D5-C03B74E4C68D}.Debug|iPhoneSimulator.ActiveCfg = Debug|iPhoneSimulator
		{F819A61B-E844-4B63-B6D5-C03B74E4C68D}.Debug|iPhoneSimulator.Build.0 = Debug|iPhoneSimulator
		{F819A61B-E844-4B63-B6D5-C03B74E4C68D}.Release|Any CPU.ActiveCfg = Release|iPhoneSimulator
		{F819A61B-E844-4B63-B6D5-C03B74E4C68D}.Release|Any CPU.Build.0 = Release|iPhoneSimulator
		{F819A61B-E844-4B63-B6D5-C03B74E4C68D}.Release|iPhone.ActiveCfg = Release|iPhone
		{F819A61B-E844-4B63-B6D5-C03B74E4C68D}.Release|iPhone.Build.0 = Release|iPhone
		{F819A61B-E844-4B63-B6D5-C03B74E4C68D}.Release|iPhoneSimulator.ActiveCfg = Release|iPhoneSimulator
		{F819A61B-E844-4B63-B6D5-C03B74E4C68D}.Release|iPhoneSimulator.Build.0 = Release|iPhoneSimulator
		{79EA19BA-E766-43C9-960D-7757F96EDC41}.Debug|Any CPU.ActiveCfg = Debug|Any CPU
		{79EA19BA-E766-43C9-960D-7757F96EDC41}.Debug|Any CPU.Build.0 = Debug|Any CPU
		{79EA19BA-E766-43C9-960D-7757F96EDC41}.Debug|iPhone.ActiveCfg = Debug|Any CPU
		{79EA19BA-E766-43C9-960D-7757F96EDC41}.Debug|iPhone.Build.0 = Debug|Any CPU
		{79EA19BA-E766-43C9-960D-7757F96EDC41}.Debug|iPhoneSimulator.ActiveCfg = Debug|Any CPU
		{79EA19BA-E766-43C9-960D-7757F96EDC41}.Debug|iPhoneSimulator.Build.0 = Debug|Any CPU
		{79EA19BA-E766-43C9-960D-7757F96EDC41}.Release|Any CPU.ActiveCfg = Release|Any CPU
		{79EA19BA-E766-43C9-960D-7757F96EDC41}.Release|Any CPU.Build.0 = Release|Any CPU
		{79EA19BA-E766-43C9-960D-7757F96EDC41}.Release|iPhone.ActiveCfg = Release|Any CPU
		{79EA19BA-E766-43C9-960D-7757F96EDC41}.Release|iPhone.Build.0 = Release|Any CPU
		{79EA19BA-E766-43C9-960D-7757F96EDC41}.Release|iPhoneSimulator.ActiveCfg = Release|Any CPU
		{79EA19BA-E766-43C9-960D-7757F96EDC41}.Release|iPhoneSimulator.Build.0 = Release|Any CPU
		{0865D3A3-6C44-4A76-844D-D5862AB58314}.Debug|Any CPU.ActiveCfg = Debug|Any CPU
		{0865D3A3-6C44-4A76-844D-D5862AB58314}.Debug|Any CPU.Build.0 = Debug|Any CPU
		{0865D3A3-6C44-4A76-844D-D5862AB58314}.Debug|iPhone.ActiveCfg = Debug|Any CPU
		{0865D3A3-6C44-4A76-844D-D5862AB58314}.Debug|iPhone.Build.0 = Debug|Any CPU
		{0865D3A3-6C44-4A76-844D-D5862AB58314}.Debug|iPhoneSimulator.ActiveCfg = Debug|Any CPU
		{0865D3A3-6C44-4A76-844D-D5862AB58314}.Debug|iPhoneSimulator.Build.0 = Debug|Any CPU
		{0865D3A3-6C44-4A76-844D-D5862AB58314}.Release|Any CPU.ActiveCfg = Release|Any CPU
		{0865D3A3-6C44-4A76-844D-D5862AB58314}.Release|Any CPU.Build.0 = Release|Any CPU
		{0865D3A3-6C44-4A76-844D-D5862AB58314}.Release|iPhone.ActiveCfg = Release|Any CPU
		{0865D3A3-6C44-4A76-844D-D5862AB58314}.Release|iPhone.Build.0 = Release|Any CPU
		{0865D3A3-6C44-4A76-844D-D5862AB58314}.Release|iPhoneSimulator.ActiveCfg = Release|Any CPU
		{0865D3A3-6C44-4A76-844D-D5862AB58314}.Release|iPhoneSimulator.Build.0 = Release|Any CPU
		{36B73C65-4E52-438A-84E1-59B5B6205175}.Debug|Any CPU.ActiveCfg = Debug|iPhoneSimulator
		{36B73C65-4E52-438A-84E1-59B5B6205175}.Debug|Any CPU.Build.0 = Debug|iPhoneSimulator
		{36B73C65-4E52-438A-84E1-59B5B6205175}.Debug|iPhone.ActiveCfg = Debug|iPhone
		{36B73C65-4E52-438A-84E1-59B5B6205175}.Debug|iPhone.Build.0 = Debug|iPhone
		{36B73C65-4E52-438A-84E1-59B5B6205175}.Debug|iPhoneSimulator.ActiveCfg = Debug|iPhoneSimulator
		{36B73C65-4E52-438A-84E1-59B5B6205175}.Debug|iPhoneSimulator.Build.0 = Debug|iPhoneSimulator
		{36B73C65-4E52-438A-84E1-59B5B6205175}.Release|Any CPU.ActiveCfg = Release|iPhoneSimulator
		{36B73C65-4E52-438A-84E1-59B5B6205175}.Release|Any CPU.Build.0 = Release|iPhoneSimulator
		{36B73C65-4E52-438A-84E1-59B5B6205175}.Release|iPhone.ActiveCfg = Release|iPhone
		{36B73C65-4E52-438A-84E1-59B5B6205175}.Release|iPhone.Build.0 = Release|iPhone
		{36B73C65-4E52-438A-84E1-59B5B6205175}.Release|iPhoneSimulator.ActiveCfg = Release|iPhoneSimulator
		{36B73C65-4E52-438A-84E1-59B5B6205175}.Release|iPhoneSimulator.Build.0 = Release|iPhoneSimulator
		{305CAB4D-E654-498D-92EC-FAEE032394A1}.Debug|Any CPU.ActiveCfg = Debug|Any CPU
		{305CAB4D-E654-498D-92EC-FAEE032394A1}.Debug|Any CPU.Build.0 = Debug|Any CPU
		{305CAB4D-E654-498D-92EC-FAEE032394A1}.Debug|iPhone.ActiveCfg = Debug|Any CPU
		{305CAB4D-E654-498D-92EC-FAEE032394A1}.Debug|iPhone.Build.0 = Debug|Any CPU
		{305CAB4D-E654-498D-92EC-FAEE032394A1}.Debug|iPhoneSimulator.ActiveCfg = Debug|Any CPU
		{305CAB4D-E654-498D-92EC-FAEE032394A1}.Debug|iPhoneSimulator.Build.0 = Debug|Any CPU
		{305CAB4D-E654-498D-92EC-FAEE032394A1}.Release|Any CPU.ActiveCfg = Release|Any CPU
		{305CAB4D-E654-498D-92EC-FAEE032394A1}.Release|Any CPU.Build.0 = Release|Any CPU
		{305CAB4D-E654-498D-92EC-FAEE032394A1}.Release|iPhone.ActiveCfg = Release|Any CPU
		{305CAB4D-E654-498D-92EC-FAEE032394A1}.Release|iPhone.Build.0 = Release|Any CPU
		{305CAB4D-E654-498D-92EC-FAEE032394A1}.Release|iPhoneSimulator.ActiveCfg = Release|Any CPU
		{305CAB4D-E654-498D-92EC-FAEE032394A1}.Release|iPhoneSimulator.Build.0 = Release|Any CPU
		{5FE175BD-F4F3-470D-8143-B8E94543E247}.Debug|Any CPU.ActiveCfg = Debug|Any CPU
		{5FE175BD-F4F3-470D-8143-B8E94543E247}.Debug|Any CPU.Build.0 = Debug|Any CPU
		{5FE175BD-F4F3-470D-8143-B8E94543E247}.Debug|iPhone.ActiveCfg = Debug|Any CPU
		{5FE175BD-F4F3-470D-8143-B8E94543E247}.Debug|iPhone.Build.0 = Debug|Any CPU
		{5FE175BD-F4F3-470D-8143-B8E94543E247}.Debug|iPhoneSimulator.ActiveCfg = Debug|Any CPU
		{5FE175BD-F4F3-470D-8143-B8E94543E247}.Debug|iPhoneSimulator.Build.0 = Debug|Any CPU
		{5FE175BD-F4F3-470D-8143-B8E94543E247}.Release|Any CPU.ActiveCfg = Release|Any CPU
		{5FE175BD-F4F3-470D-8143-B8E94543E247}.Release|Any CPU.Build.0 = Release|Any CPU
		{5FE175BD-F4F3-470D-8143-B8E94543E247}.Release|iPhone.ActiveCfg = Release|Any CPU
		{5FE175BD-F4F3-470D-8143-B8E94543E247}.Release|iPhone.Build.0 = Release|Any CPU
		{5FE175BD-F4F3-470D-8143-B8E94543E247}.Release|iPhoneSimulator.ActiveCfg = Release|Any CPU
		{5FE175BD-F4F3-470D-8143-B8E94543E247}.Release|iPhoneSimulator.Build.0 = Release|Any CPU
		{7AC95E05-8496-427D-8798-D26271A1BDF6}.Debug|Any CPU.ActiveCfg = Debug|iPhoneSimulator
		{7AC95E05-8496-427D-8798-D26271A1BDF6}.Debug|Any CPU.Build.0 = Debug|iPhoneSimulator
		{7AC95E05-8496-427D-8798-D26271A1BDF6}.Debug|iPhone.ActiveCfg = Debug|iPhone
		{7AC95E05-8496-427D-8798-D26271A1BDF6}.Debug|iPhone.Build.0 = Debug|iPhone
		{7AC95E05-8496-427D-8798-D26271A1BDF6}.Debug|iPhoneSimulator.ActiveCfg = Debug|iPhoneSimulator
		{7AC95E05-8496-427D-8798-D26271A1BDF6}.Debug|iPhoneSimulator.Build.0 = Debug|iPhoneSimulator
		{7AC95E05-8496-427D-8798-D26271A1BDF6}.Release|Any CPU.ActiveCfg = Release|iPhoneSimulator
		{7AC95E05-8496-427D-8798-D26271A1BDF6}.Release|Any CPU.Build.0 = Release|iPhoneSimulator
		{7AC95E05-8496-427D-8798-D26271A1BDF6}.Release|iPhone.ActiveCfg = Release|iPhone
		{7AC95E05-8496-427D-8798-D26271A1BDF6}.Release|iPhone.Build.0 = Release|iPhone
		{7AC95E05-8496-427D-8798-D26271A1BDF6}.Release|iPhoneSimulator.ActiveCfg = Release|iPhoneSimulator
		{7AC95E05-8496-427D-8798-D26271A1BDF6}.Release|iPhoneSimulator.Build.0 = Release|iPhoneSimulator
		{DD8C1999-9A67-48C3-89D7-B5DAB2B03235}.Debug|Any CPU.ActiveCfg = Debug|Any CPU
		{DD8C1999-9A67-48C3-89D7-B5DAB2B03235}.Debug|Any CPU.Build.0 = Debug|Any CPU
		{DD8C1999-9A67-48C3-89D7-B5DAB2B03235}.Debug|iPhone.ActiveCfg = Debug|Any CPU
		{DD8C1999-9A67-48C3-89D7-B5DAB2B03235}.Debug|iPhone.Build.0 = Debug|Any CPU
		{DD8C1999-9A67-48C3-89D7-B5DAB2B03235}.Debug|iPhoneSimulator.ActiveCfg = Debug|Any CPU
		{DD8C1999-9A67-48C3-89D7-B5DAB2B03235}.Debug|iPhoneSimulator.Build.0 = Debug|Any CPU
		{DD8C1999-9A67-48C3-89D7-B5DAB2B03235}.Release|Any CPU.ActiveCfg = Release|Any CPU
		{DD8C1999-9A67-48C3-89D7-B5DAB2B03235}.Release|Any CPU.Build.0 = Release|Any CPU
		{DD8C1999-9A67-48C3-89D7-B5DAB2B03235}.Release|iPhone.ActiveCfg = Release|Any CPU
		{DD8C1999-9A67-48C3-89D7-B5DAB2B03235}.Release|iPhone.Build.0 = Release|Any CPU
		{DD8C1999-9A67-48C3-89D7-B5DAB2B03235}.Release|iPhoneSimulator.ActiveCfg = Release|Any CPU
		{DD8C1999-9A67-48C3-89D7-B5DAB2B03235}.Release|iPhoneSimulator.Build.0 = Release|Any CPU
		{21D9D405-C7BB-43B6-B3FB-9CD7CF7DC139}.Debug|Any CPU.ActiveCfg = Debug|Any CPU
		{21D9D405-C7BB-43B6-B3FB-9CD7CF7DC139}.Debug|Any CPU.Build.0 = Debug|Any CPU
		{21D9D405-C7BB-43B6-B3FB-9CD7CF7DC139}.Debug|iPhone.ActiveCfg = Debug|Any CPU
		{21D9D405-C7BB-43B6-B3FB-9CD7CF7DC139}.Debug|iPhone.Build.0 = Debug|Any CPU
		{21D9D405-C7BB-43B6-B3FB-9CD7CF7DC139}.Debug|iPhoneSimulator.ActiveCfg = Debug|Any CPU
		{21D9D405-C7BB-43B6-B3FB-9CD7CF7DC139}.Debug|iPhoneSimulator.Build.0 = Debug|Any CPU
		{21D9D405-C7BB-43B6-B3FB-9CD7CF7DC139}.Release|Any CPU.ActiveCfg = Release|Any CPU
		{21D9D405-C7BB-43B6-B3FB-9CD7CF7DC139}.Release|Any CPU.Build.0 = Release|Any CPU
		{21D9D405-C7BB-43B6-B3FB-9CD7CF7DC139}.Release|iPhone.ActiveCfg = Release|Any CPU
		{21D9D405-C7BB-43B6-B3FB-9CD7CF7DC139}.Release|iPhone.Build.0 = Release|Any CPU
		{21D9D405-C7BB-43B6-B3FB-9CD7CF7DC139}.Release|iPhoneSimulator.ActiveCfg = Release|Any CPU
		{21D9D405-C7BB-43B6-B3FB-9CD7CF7DC139}.Release|iPhoneSimulator.Build.0 = Release|Any CPU
		{3932A541-6866-46C0-A1FD-22DF5A48A7E7}.Debug|Any CPU.ActiveCfg = Debug|iPhoneSimulator
		{3932A541-6866-46C0-A1FD-22DF5A48A7E7}.Debug|Any CPU.Build.0 = Debug|iPhoneSimulator
		{3932A541-6866-46C0-A1FD-22DF5A48A7E7}.Debug|iPhone.ActiveCfg = Debug|iPhone
		{3932A541-6866-46C0-A1FD-22DF5A48A7E7}.Debug|iPhone.Build.0 = Debug|iPhone
		{3932A541-6866-46C0-A1FD-22DF5A48A7E7}.Debug|iPhoneSimulator.ActiveCfg = Debug|iPhoneSimulator
		{3932A541-6866-46C0-A1FD-22DF5A48A7E7}.Debug|iPhoneSimulator.Build.0 = Debug|iPhoneSimulator
		{3932A541-6866-46C0-A1FD-22DF5A48A7E7}.Release|Any CPU.ActiveCfg = Release|iPhoneSimulator
		{3932A541-6866-46C0-A1FD-22DF5A48A7E7}.Release|Any CPU.Build.0 = Release|iPhoneSimulator
		{3932A541-6866-46C0-A1FD-22DF5A48A7E7}.Release|iPhone.ActiveCfg = Release|iPhone
		{3932A541-6866-46C0-A1FD-22DF5A48A7E7}.Release|iPhone.Build.0 = Release|iPhone
		{3932A541-6866-46C0-A1FD-22DF5A48A7E7}.Release|iPhoneSimulator.ActiveCfg = Release|iPhoneSimulator
		{3932A541-6866-46C0-A1FD-22DF5A48A7E7}.Release|iPhoneSimulator.Build.0 = Release|iPhoneSimulator
		{023D093C-4442-419F-AC4F-28A6F2A2E8B5}.Debug|Any CPU.ActiveCfg = Debug|Any CPU
		{023D093C-4442-419F-AC4F-28A6F2A2E8B5}.Debug|Any CPU.Build.0 = Debug|Any CPU
		{023D093C-4442-419F-AC4F-28A6F2A2E8B5}.Debug|iPhone.ActiveCfg = Debug|Any CPU
		{023D093C-4442-419F-AC4F-28A6F2A2E8B5}.Debug|iPhone.Build.0 = Debug|Any CPU
		{023D093C-4442-419F-AC4F-28A6F2A2E8B5}.Debug|iPhoneSimulator.ActiveCfg = Debug|Any CPU
		{023D093C-4442-419F-AC4F-28A6F2A2E8B5}.Debug|iPhoneSimulator.Build.0 = Debug|Any CPU
		{023D093C-4442-419F-AC4F-28A6F2A2E8B5}.Release|Any CPU.ActiveCfg = Release|Any CPU
		{023D093C-4442-419F-AC4F-28A6F2A2E8B5}.Release|Any CPU.Build.0 = Release|Any CPU
		{023D093C-4442-419F-AC4F-28A6F2A2E8B5}.Release|iPhone.ActiveCfg = Release|Any CPU
		{023D093C-4442-419F-AC4F-28A6F2A2E8B5}.Release|iPhone.Build.0 = Release|Any CPU
		{023D093C-4442-419F-AC4F-28A6F2A2E8B5}.Release|iPhoneSimulator.ActiveCfg = Release|Any CPU
		{023D093C-4442-419F-AC4F-28A6F2A2E8B5}.Release|iPhoneSimulator.Build.0 = Release|Any CPU
		{630B3322-BB91-4959-9BC1-A233E04BE476}.Debug|Any CPU.ActiveCfg = Debug|Any CPU
		{630B3322-BB91-4959-9BC1-A233E04BE476}.Debug|Any CPU.Build.0 = Debug|Any CPU
		{630B3322-BB91-4959-9BC1-A233E04BE476}.Debug|iPhone.ActiveCfg = Debug|Any CPU
		{630B3322-BB91-4959-9BC1-A233E04BE476}.Debug|iPhone.Build.0 = Debug|Any CPU
		{630B3322-BB91-4959-9BC1-A233E04BE476}.Debug|iPhoneSimulator.ActiveCfg = Debug|Any CPU
		{630B3322-BB91-4959-9BC1-A233E04BE476}.Debug|iPhoneSimulator.Build.0 = Debug|Any CPU
		{630B3322-BB91-4959-9BC1-A233E04BE476}.Release|Any CPU.ActiveCfg = Release|Any CPU
		{630B3322-BB91-4959-9BC1-A233E04BE476}.Release|Any CPU.Build.0 = Release|Any CPU
		{630B3322-BB91-4959-9BC1-A233E04BE476}.Release|iPhone.ActiveCfg = Release|Any CPU
		{630B3322-BB91-4959-9BC1-A233E04BE476}.Release|iPhone.Build.0 = Release|Any CPU
		{630B3322-BB91-4959-9BC1-A233E04BE476}.Release|iPhoneSimulator.ActiveCfg = Release|Any CPU
		{630B3322-BB91-4959-9BC1-A233E04BE476}.Release|iPhoneSimulator.Build.0 = Release|Any CPU
		{4934990A-3590-4D3C-8997-BF3FE6626E90}.Debug|Any CPU.ActiveCfg = Debug|iPhoneSimulator
		{4934990A-3590-4D3C-8997-BF3FE6626E90}.Debug|Any CPU.Build.0 = Debug|iPhoneSimulator
		{4934990A-3590-4D3C-8997-BF3FE6626E90}.Debug|iPhone.ActiveCfg = Debug|iPhone
		{4934990A-3590-4D3C-8997-BF3FE6626E90}.Debug|iPhone.Build.0 = Debug|iPhone
		{4934990A-3590-4D3C-8997-BF3FE6626E90}.Debug|iPhoneSimulator.ActiveCfg = Debug|iPhoneSimulator
		{4934990A-3590-4D3C-8997-BF3FE6626E90}.Debug|iPhoneSimulator.Build.0 = Debug|iPhoneSimulator
		{4934990A-3590-4D3C-8997-BF3FE6626E90}.Release|Any CPU.ActiveCfg = Release|iPhoneSimulator
		{4934990A-3590-4D3C-8997-BF3FE6626E90}.Release|Any CPU.Build.0 = Release|iPhoneSimulator
		{4934990A-3590-4D3C-8997-BF3FE6626E90}.Release|iPhone.ActiveCfg = Release|iPhone
		{4934990A-3590-4D3C-8997-BF3FE6626E90}.Release|iPhone.Build.0 = Release|iPhone
		{4934990A-3590-4D3C-8997-BF3FE6626E90}.Release|iPhoneSimulator.ActiveCfg = Release|iPhoneSimulator
		{4934990A-3590-4D3C-8997-BF3FE6626E90}.Release|iPhoneSimulator.Build.0 = Release|iPhoneSimulator
		{242B1C2E-159E-457D-BF68-6F9A64D1E427}.Debug|Any CPU.ActiveCfg = Debug|Any CPU
		{242B1C2E-159E-457D-BF68-6F9A64D1E427}.Debug|Any CPU.Build.0 = Debug|Any CPU
		{242B1C2E-159E-457D-BF68-6F9A64D1E427}.Debug|iPhone.ActiveCfg = Debug|Any CPU
		{242B1C2E-159E-457D-BF68-6F9A64D1E427}.Debug|iPhone.Build.0 = Debug|Any CPU
		{242B1C2E-159E-457D-BF68-6F9A64D1E427}.Debug|iPhoneSimulator.ActiveCfg = Debug|Any CPU
		{242B1C2E-159E-457D-BF68-6F9A64D1E427}.Debug|iPhoneSimulator.Build.0 = Debug|Any CPU
		{242B1C2E-159E-457D-BF68-6F9A64D1E427}.Release|Any CPU.ActiveCfg = Release|Any CPU
		{242B1C2E-159E-457D-BF68-6F9A64D1E427}.Release|Any CPU.Build.0 = Release|Any CPU
		{242B1C2E-159E-457D-BF68-6F9A64D1E427}.Release|iPhone.ActiveCfg = Release|Any CPU
		{242B1C2E-159E-457D-BF68-6F9A64D1E427}.Release|iPhone.Build.0 = Release|Any CPU
		{242B1C2E-159E-457D-BF68-6F9A64D1E427}.Release|iPhoneSimulator.ActiveCfg = Release|Any CPU
		{242B1C2E-159E-457D-BF68-6F9A64D1E427}.Release|iPhoneSimulator.Build.0 = Release|Any CPU
		{66566D3D-6726-4756-AAA0-6B61CEAFDFFF}.Debug|Any CPU.ActiveCfg = Debug|Any CPU
		{66566D3D-6726-4756-AAA0-6B61CEAFDFFF}.Debug|Any CPU.Build.0 = Debug|Any CPU
		{66566D3D-6726-4756-AAA0-6B61CEAFDFFF}.Debug|Any CPU.Deploy.0 = Debug|Any CPU
		{66566D3D-6726-4756-AAA0-6B61CEAFDFFF}.Debug|iPhone.ActiveCfg = Debug|Any CPU
		{66566D3D-6726-4756-AAA0-6B61CEAFDFFF}.Debug|iPhone.Build.0 = Debug|Any CPU
		{66566D3D-6726-4756-AAA0-6B61CEAFDFFF}.Debug|iPhone.Deploy.0 = Debug|Any CPU
		{66566D3D-6726-4756-AAA0-6B61CEAFDFFF}.Debug|iPhoneSimulator.ActiveCfg = Debug|Any CPU
		{66566D3D-6726-4756-AAA0-6B61CEAFDFFF}.Debug|iPhoneSimulator.Build.0 = Debug|Any CPU
		{66566D3D-6726-4756-AAA0-6B61CEAFDFFF}.Debug|iPhoneSimulator.Deploy.0 = Debug|Any CPU
		{66566D3D-6726-4756-AAA0-6B61CEAFDFFF}.Release|Any CPU.ActiveCfg = Release|Any CPU
		{66566D3D-6726-4756-AAA0-6B61CEAFDFFF}.Release|Any CPU.Build.0 = Release|Any CPU
		{66566D3D-6726-4756-AAA0-6B61CEAFDFFF}.Release|Any CPU.Deploy.0 = Release|Any CPU
		{66566D3D-6726-4756-AAA0-6B61CEAFDFFF}.Release|iPhone.ActiveCfg = Release|Any CPU
		{66566D3D-6726-4756-AAA0-6B61CEAFDFFF}.Release|iPhone.Build.0 = Release|Any CPU
		{66566D3D-6726-4756-AAA0-6B61CEAFDFFF}.Release|iPhone.Deploy.0 = Release|Any CPU
		{66566D3D-6726-4756-AAA0-6B61CEAFDFFF}.Release|iPhoneSimulator.ActiveCfg = Release|Any CPU
		{66566D3D-6726-4756-AAA0-6B61CEAFDFFF}.Release|iPhoneSimulator.Build.0 = Release|Any CPU
		{66566D3D-6726-4756-AAA0-6B61CEAFDFFF}.Release|iPhoneSimulator.Deploy.0 = Release|Any CPU
		{9A2806D5-BC05-46A0-90A6-2DB06E1582FF}.Debug|Any CPU.ActiveCfg = Debug|iPhoneSimulator
		{9A2806D5-BC05-46A0-90A6-2DB06E1582FF}.Debug|iPhone.ActiveCfg = Debug|iPhone
		{9A2806D5-BC05-46A0-90A6-2DB06E1582FF}.Debug|iPhone.Build.0 = Debug|iPhone
		{9A2806D5-BC05-46A0-90A6-2DB06E1582FF}.Debug|iPhoneSimulator.ActiveCfg = Debug|iPhoneSimulator
		{9A2806D5-BC05-46A0-90A6-2DB06E1582FF}.Debug|iPhoneSimulator.Build.0 = Debug|iPhoneSimulator
		{9A2806D5-BC05-46A0-90A6-2DB06E1582FF}.Release|Any CPU.ActiveCfg = Release|iPhoneSimulator
		{9A2806D5-BC05-46A0-90A6-2DB06E1582FF}.Release|iPhone.ActiveCfg = Release|iPhone
		{9A2806D5-BC05-46A0-90A6-2DB06E1582FF}.Release|iPhone.Build.0 = Release|iPhone
		{9A2806D5-BC05-46A0-90A6-2DB06E1582FF}.Release|iPhoneSimulator.ActiveCfg = Release|iPhoneSimulator
		{9A2806D5-BC05-46A0-90A6-2DB06E1582FF}.Release|iPhoneSimulator.Build.0 = Release|iPhoneSimulator
		{49004E54-57DA-40C1-8631-F8BF8D350E00}.Debug|Any CPU.ActiveCfg = Debug|Any CPU
		{49004E54-57DA-40C1-8631-F8BF8D350E00}.Debug|Any CPU.Build.0 = Debug|Any CPU
		{49004E54-57DA-40C1-8631-F8BF8D350E00}.Debug|iPhone.ActiveCfg = Debug|Any CPU
		{49004E54-57DA-40C1-8631-F8BF8D350E00}.Debug|iPhone.Build.0 = Debug|Any CPU
		{49004E54-57DA-40C1-8631-F8BF8D350E00}.Debug|iPhoneSimulator.ActiveCfg = Debug|Any CPU
		{49004E54-57DA-40C1-8631-F8BF8D350E00}.Debug|iPhoneSimulator.Build.0 = Debug|Any CPU
		{49004E54-57DA-40C1-8631-F8BF8D350E00}.Release|Any CPU.ActiveCfg = Release|Any CPU
		{49004E54-57DA-40C1-8631-F8BF8D350E00}.Release|Any CPU.Build.0 = Release|Any CPU
		{49004E54-57DA-40C1-8631-F8BF8D350E00}.Release|iPhone.ActiveCfg = Release|Any CPU
		{49004E54-57DA-40C1-8631-F8BF8D350E00}.Release|iPhone.Build.0 = Release|Any CPU
		{49004E54-57DA-40C1-8631-F8BF8D350E00}.Release|iPhoneSimulator.ActiveCfg = Release|Any CPU
		{49004E54-57DA-40C1-8631-F8BF8D350E00}.Release|iPhoneSimulator.Build.0 = Release|Any CPU
		{DF22912E-FD71-4F2B-BAFF-9D531AE2D19D}.Debug|Any CPU.ActiveCfg = Debug|Any CPU
		{DF22912E-FD71-4F2B-BAFF-9D531AE2D19D}.Debug|Any CPU.Build.0 = Debug|Any CPU
		{DF22912E-FD71-4F2B-BAFF-9D531AE2D19D}.Debug|iPhone.ActiveCfg = Debug|Any CPU
		{DF22912E-FD71-4F2B-BAFF-9D531AE2D19D}.Debug|iPhone.Build.0 = Debug|Any CPU
		{DF22912E-FD71-4F2B-BAFF-9D531AE2D19D}.Debug|iPhoneSimulator.ActiveCfg = Debug|Any CPU
		{DF22912E-FD71-4F2B-BAFF-9D531AE2D19D}.Debug|iPhoneSimulator.Build.0 = Debug|Any CPU
		{DF22912E-FD71-4F2B-BAFF-9D531AE2D19D}.Release|Any CPU.ActiveCfg = Release|Any CPU
		{DF22912E-FD71-4F2B-BAFF-9D531AE2D19D}.Release|Any CPU.Build.0 = Release|Any CPU
		{DF22912E-FD71-4F2B-BAFF-9D531AE2D19D}.Release|iPhone.ActiveCfg = Release|Any CPU
		{DF22912E-FD71-4F2B-BAFF-9D531AE2D19D}.Release|iPhone.Build.0 = Release|Any CPU
		{DF22912E-FD71-4F2B-BAFF-9D531AE2D19D}.Release|iPhoneSimulator.ActiveCfg = Release|Any CPU
		{DF22912E-FD71-4F2B-BAFF-9D531AE2D19D}.Release|iPhoneSimulator.Build.0 = Release|Any CPU
		{D821C274-D966-4F86-87EB-2AEA85656290}.Debug|Any CPU.ActiveCfg = Debug|iPhoneSimulator
		{D821C274-D966-4F86-87EB-2AEA85656290}.Debug|Any CPU.Build.0 = Debug|iPhoneSimulator
		{D821C274-D966-4F86-87EB-2AEA85656290}.Debug|iPhone.ActiveCfg = Debug|iPhone
		{D821C274-D966-4F86-87EB-2AEA85656290}.Debug|iPhone.Build.0 = Debug|iPhone
		{D821C274-D966-4F86-87EB-2AEA85656290}.Debug|iPhoneSimulator.ActiveCfg = Debug|iPhoneSimulator
		{D821C274-D966-4F86-87EB-2AEA85656290}.Debug|iPhoneSimulator.Build.0 = Debug|iPhoneSimulator
		{D821C274-D966-4F86-87EB-2AEA85656290}.Release|Any CPU.ActiveCfg = Release|iPhoneSimulator
		{D821C274-D966-4F86-87EB-2AEA85656290}.Release|Any CPU.Build.0 = Release|iPhoneSimulator
		{D821C274-D966-4F86-87EB-2AEA85656290}.Release|iPhone.ActiveCfg = Release|iPhone
		{D821C274-D966-4F86-87EB-2AEA85656290}.Release|iPhone.Build.0 = Release|iPhone
		{D821C274-D966-4F86-87EB-2AEA85656290}.Release|iPhoneSimulator.ActiveCfg = Release|iPhoneSimulator
		{D821C274-D966-4F86-87EB-2AEA85656290}.Release|iPhoneSimulator.Build.0 = Release|iPhoneSimulator
		{0F1E2118-AD11-45D8-94DE-F2EBDE03C360}.Debug|Any CPU.ActiveCfg = Debug|Any CPU
		{0F1E2118-AD11-45D8-94DE-F2EBDE03C360}.Debug|Any CPU.Build.0 = Debug|Any CPU
		{0F1E2118-AD11-45D8-94DE-F2EBDE03C360}.Debug|iPhone.ActiveCfg = Debug|Any CPU
		{0F1E2118-AD11-45D8-94DE-F2EBDE03C360}.Debug|iPhone.Build.0 = Debug|Any CPU
		{0F1E2118-AD11-45D8-94DE-F2EBDE03C360}.Debug|iPhoneSimulator.ActiveCfg = Debug|Any CPU
		{0F1E2118-AD11-45D8-94DE-F2EBDE03C360}.Debug|iPhoneSimulator.Build.0 = Debug|Any CPU
		{0F1E2118-AD11-45D8-94DE-F2EBDE03C360}.Release|Any CPU.ActiveCfg = Release|Any CPU
		{0F1E2118-AD11-45D8-94DE-F2EBDE03C360}.Release|Any CPU.Build.0 = Release|Any CPU
		{0F1E2118-AD11-45D8-94DE-F2EBDE03C360}.Release|iPhone.ActiveCfg = Release|Any CPU
		{0F1E2118-AD11-45D8-94DE-F2EBDE03C360}.Release|iPhone.Build.0 = Release|Any CPU
		{0F1E2118-AD11-45D8-94DE-F2EBDE03C360}.Release|iPhoneSimulator.ActiveCfg = Release|Any CPU
		{0F1E2118-AD11-45D8-94DE-F2EBDE03C360}.Release|iPhoneSimulator.Build.0 = Release|Any CPU
		{B7622715-28BD-4526-B5CD-E60A0C1E06DE}.Debug|Any CPU.ActiveCfg = Debug|Any CPU
		{B7622715-28BD-4526-B5CD-E60A0C1E06DE}.Debug|Any CPU.Build.0 = Debug|Any CPU
		{B7622715-28BD-4526-B5CD-E60A0C1E06DE}.Debug|iPhone.ActiveCfg = Debug|Any CPU
		{B7622715-28BD-4526-B5CD-E60A0C1E06DE}.Debug|iPhone.Build.0 = Debug|Any CPU
		{B7622715-28BD-4526-B5CD-E60A0C1E06DE}.Debug|iPhoneSimulator.ActiveCfg = Debug|Any CPU
		{B7622715-28BD-4526-B5CD-E60A0C1E06DE}.Debug|iPhoneSimulator.Build.0 = Debug|Any CPU
		{B7622715-28BD-4526-B5CD-E60A0C1E06DE}.Release|Any CPU.ActiveCfg = Release|Any CPU
		{B7622715-28BD-4526-B5CD-E60A0C1E06DE}.Release|Any CPU.Build.0 = Release|Any CPU
		{B7622715-28BD-4526-B5CD-E60A0C1E06DE}.Release|iPhone.ActiveCfg = Release|Any CPU
		{B7622715-28BD-4526-B5CD-E60A0C1E06DE}.Release|iPhone.Build.0 = Release|Any CPU
		{B7622715-28BD-4526-B5CD-E60A0C1E06DE}.Release|iPhoneSimulator.ActiveCfg = Release|Any CPU
		{B7622715-28BD-4526-B5CD-E60A0C1E06DE}.Release|iPhoneSimulator.Build.0 = Release|Any CPU
		{450979A2-441C-421A-8CB5-B110AADD7D99}.Debug|Any CPU.ActiveCfg = Debug|iPhoneSimulator
		{450979A2-441C-421A-8CB5-B110AADD7D99}.Debug|Any CPU.Build.0 = Debug|iPhoneSimulator
		{450979A2-441C-421A-8CB5-B110AADD7D99}.Debug|iPhone.ActiveCfg = Debug|iPhone
		{450979A2-441C-421A-8CB5-B110AADD7D99}.Debug|iPhone.Build.0 = Debug|iPhone
		{450979A2-441C-421A-8CB5-B110AADD7D99}.Debug|iPhoneSimulator.ActiveCfg = Debug|iPhoneSimulator
		{450979A2-441C-421A-8CB5-B110AADD7D99}.Debug|iPhoneSimulator.Build.0 = Debug|iPhoneSimulator
		{450979A2-441C-421A-8CB5-B110AADD7D99}.Release|Any CPU.ActiveCfg = Release|iPhoneSimulator
		{450979A2-441C-421A-8CB5-B110AADD7D99}.Release|Any CPU.Build.0 = Release|iPhoneSimulator
		{450979A2-441C-421A-8CB5-B110AADD7D99}.Release|iPhone.ActiveCfg = Release|iPhone
		{450979A2-441C-421A-8CB5-B110AADD7D99}.Release|iPhone.Build.0 = Release|iPhone
		{450979A2-441C-421A-8CB5-B110AADD7D99}.Release|iPhoneSimulator.ActiveCfg = Release|iPhoneSimulator
		{450979A2-441C-421A-8CB5-B110AADD7D99}.Release|iPhoneSimulator.Build.0 = Release|iPhoneSimulator
		{F7614356-6E10-4A6D-B298-9C67995941C5}.Debug|Any CPU.ActiveCfg = Debug|Any CPU
		{F7614356-6E10-4A6D-B298-9C67995941C5}.Debug|Any CPU.Build.0 = Debug|Any CPU
		{F7614356-6E10-4A6D-B298-9C67995941C5}.Debug|iPhone.ActiveCfg = Debug|Any CPU
		{F7614356-6E10-4A6D-B298-9C67995941C5}.Debug|iPhone.Build.0 = Debug|Any CPU
		{F7614356-6E10-4A6D-B298-9C67995941C5}.Debug|iPhoneSimulator.ActiveCfg = Debug|Any CPU
		{F7614356-6E10-4A6D-B298-9C67995941C5}.Debug|iPhoneSimulator.Build.0 = Debug|Any CPU
		{F7614356-6E10-4A6D-B298-9C67995941C5}.Release|Any CPU.ActiveCfg = Release|Any CPU
		{F7614356-6E10-4A6D-B298-9C67995941C5}.Release|Any CPU.Build.0 = Release|Any CPU
		{F7614356-6E10-4A6D-B298-9C67995941C5}.Release|iPhone.ActiveCfg = Release|Any CPU
		{F7614356-6E10-4A6D-B298-9C67995941C5}.Release|iPhone.Build.0 = Release|Any CPU
		{F7614356-6E10-4A6D-B298-9C67995941C5}.Release|iPhoneSimulator.ActiveCfg = Release|Any CPU
		{F7614356-6E10-4A6D-B298-9C67995941C5}.Release|iPhoneSimulator.Build.0 = Release|Any CPU
		{0A73C9D9-3F93-4EDD-9075-564421D2A896}.Debug|Any CPU.ActiveCfg = Debug|Any CPU
		{0A73C9D9-3F93-4EDD-9075-564421D2A896}.Debug|Any CPU.Build.0 = Debug|Any CPU
		{0A73C9D9-3F93-4EDD-9075-564421D2A896}.Debug|iPhone.ActiveCfg = Debug|Any CPU
		{0A73C9D9-3F93-4EDD-9075-564421D2A896}.Debug|iPhone.Build.0 = Debug|Any CPU
		{0A73C9D9-3F93-4EDD-9075-564421D2A896}.Debug|iPhoneSimulator.ActiveCfg = Debug|Any CPU
		{0A73C9D9-3F93-4EDD-9075-564421D2A896}.Debug|iPhoneSimulator.Build.0 = Debug|Any CPU
		{0A73C9D9-3F93-4EDD-9075-564421D2A896}.Release|Any CPU.ActiveCfg = Release|Any CPU
		{0A73C9D9-3F93-4EDD-9075-564421D2A896}.Release|Any CPU.Build.0 = Release|Any CPU
		{0A73C9D9-3F93-4EDD-9075-564421D2A896}.Release|iPhone.ActiveCfg = Release|Any CPU
		{0A73C9D9-3F93-4EDD-9075-564421D2A896}.Release|iPhone.Build.0 = Release|Any CPU
		{0A73C9D9-3F93-4EDD-9075-564421D2A896}.Release|iPhoneSimulator.ActiveCfg = Release|Any CPU
		{0A73C9D9-3F93-4EDD-9075-564421D2A896}.Release|iPhoneSimulator.Build.0 = Release|Any CPU
		{22F1C406-5C00-42A3-9D4C-2C4FE05B13B2}.Debug|Any CPU.ActiveCfg = Debug|iPhoneSimulator
		{22F1C406-5C00-42A3-9D4C-2C4FE05B13B2}.Debug|Any CPU.Build.0 = Debug|iPhoneSimulator
		{22F1C406-5C00-42A3-9D4C-2C4FE05B13B2}.Debug|iPhone.ActiveCfg = Debug|iPhone
		{22F1C406-5C00-42A3-9D4C-2C4FE05B13B2}.Debug|iPhone.Build.0 = Debug|iPhone
		{22F1C406-5C00-42A3-9D4C-2C4FE05B13B2}.Debug|iPhoneSimulator.ActiveCfg = Debug|iPhoneSimulator
		{22F1C406-5C00-42A3-9D4C-2C4FE05B13B2}.Debug|iPhoneSimulator.Build.0 = Debug|iPhoneSimulator
		{22F1C406-5C00-42A3-9D4C-2C4FE05B13B2}.Release|Any CPU.ActiveCfg = Release|iPhoneSimulator
		{22F1C406-5C00-42A3-9D4C-2C4FE05B13B2}.Release|Any CPU.Build.0 = Release|iPhoneSimulator
		{22F1C406-5C00-42A3-9D4C-2C4FE05B13B2}.Release|iPhone.ActiveCfg = Release|iPhone
		{22F1C406-5C00-42A3-9D4C-2C4FE05B13B2}.Release|iPhone.Build.0 = Release|iPhone
		{22F1C406-5C00-42A3-9D4C-2C4FE05B13B2}.Release|iPhoneSimulator.ActiveCfg = Release|iPhoneSimulator
		{22F1C406-5C00-42A3-9D4C-2C4FE05B13B2}.Release|iPhoneSimulator.Build.0 = Release|iPhoneSimulator
	EndGlobalSection
	GlobalSection(SolutionProperties) = preSolution
		HideSolutionNode = FALSE
	EndGlobalSection
	GlobalSection(NestedProjects) = preSolution
		
		
		{1801977E-6143-456C-A49A-9F3E48AA9C0F} = {721C9169-ADE3-49AE-82B8-F7752B43BC70}
		{6C1B957E-6C6B-4B70-B0FB-170511B29901} = {721C9169-ADE3-49AE-82B8-F7752B43BC70}
		{4D337E98-4139-4DD6-BF8C-D1C3F68C41D1} = {721C9169-ADE3-49AE-82B8-F7752B43BC70}
		
		
		{255C91DD-9586-4DCF-86E4-CDD2AAAC77AA} = {23DFD14C-9061-4605-899A-4148929E0D3E}
		{F819A61B-E844-4B63-B6D5-C03B74E4C68D} = {23DFD14C-9061-4605-899A-4148929E0D3E}
		{79EA19BA-E766-43C9-960D-7757F96EDC41} = {906F4867-F321-49F5-96C0-F5EDF64A6DB9}
		{0865D3A3-6C44-4A76-844D-D5862AB58314} = {906F4867-F321-49F5-96C0-F5EDF64A6DB9}
		{36B73C65-4E52-438A-84E1-59B5B6205175} = {906F4867-F321-49F5-96C0-F5EDF64A6DB9}
		{305CAB4D-E654-498D-92EC-FAEE032394A1} = {3D1E1B33-657D-4DAE-8A42-479346DD0F80}
		{5FE175BD-F4F3-470D-8143-B8E94543E247} = {3D1E1B33-657D-4DAE-8A42-479346DD0F80}
		{7AC95E05-8496-427D-8798-D26271A1BDF6} = {3D1E1B33-657D-4DAE-8A42-479346DD0F80}
		{DD8C1999-9A67-48C3-89D7-B5DAB2B03235} = {11777E0D-2DF7-4EDC-BF37-A830EE290F8E}
		{21D9D405-C7BB-43B6-B3FB-9CD7CF7DC139} = {11777E0D-2DF7-4EDC-BF37-A830EE290F8E}
		{3932A541-6866-46C0-A1FD-22DF5A48A7E7} = {11777E0D-2DF7-4EDC-BF37-A830EE290F8E}
		{023D093C-4442-419F-AC4F-28A6F2A2E8B5} = {F62FFE59-313B-4CE2-88C9-7414ED9AE707}
		{630B3322-BB91-4959-9BC1-A233E04BE476} = {F62FFE59-313B-4CE2-88C9-7414ED9AE707}
		{4934990A-3590-4D3C-8997-BF3FE6626E90} = {F62FFE59-313B-4CE2-88C9-7414ED9AE707}
		{242B1C2E-159E-457D-BF68-6F9A64D1E427} = {0CB1D9A8-CE8A-486A-985E-3C37C22FECDB}
		{66566D3D-6726-4756-AAA0-6B61CEAFDFFF} = {0CB1D9A8-CE8A-486A-985E-3C37C22FECDB}
		{9A2806D5-BC05-46A0-90A6-2DB06E1582FF} = {0CB1D9A8-CE8A-486A-985E-3C37C22FECDB}
		{49004E54-57DA-40C1-8631-F8BF8D350E00} = {C1429A3F-4911-434C-83EE-25B6F2F2B8E0}
		{DF22912E-FD71-4F2B-BAFF-9D531AE2D19D} = {C1429A3F-4911-434C-83EE-25B6F2F2B8E0}
		{D821C274-D966-4F86-87EB-2AEA85656290} = {C1429A3F-4911-434C-83EE-25B6F2F2B8E0}
		{0F1E2118-AD11-45D8-94DE-F2EBDE03C360} = {9E7695AB-D280-4977-B88C-20E2AC7196BB}
		{B7622715-28BD-4526-B5CD-E60A0C1E06DE} = {9E7695AB-D280-4977-B88C-20E2AC7196BB}
		{450979A2-441C-421A-8CB5-B110AADD7D99} = {9E7695AB-D280-4977-B88C-20E2AC7196BB}
		{F7614356-6E10-4A6D-B298-9C67995941C5} = {2D7DB7C1-B8F4-439D-A9BB-70C375F86133}
		{0A73C9D9-3F93-4EDD-9075-564421D2A896} = {2D7DB7C1-B8F4-439D-A9BB-70C375F86133}
		{22F1C406-5C00-42A3-9D4C-2C4FE05B13B2} = {2D7DB7C1-B8F4-439D-A9BB-70C375F86133}
	EndGlobalSection
	GlobalSection(ExtensibilityGlobals) = postSolution
		SolutionGuid = {1D16F8FB-F6EC-4C7B-B947-6CEB528AA8F9}
	EndGlobalSection
EndGlobal
